PODS:
  - AEXML (4.0.0)
  - FolioReaderKit (1.3.0):
    - AEXML (= 4.0)
    - FontBlaster (= 4.0.1)
    - JSQWebViewController (~> 5.0)
    - MenuItemKit (= 3.0.0)
    - RealmSwift (= 3.0.2)
    - SSZipArchive (~> 1.8)
    - ZFDragableModalTransition (~> 0.6)
  - FontBlaster (4.0.1)
  - JSQWebViewController (5.0.0)
  - MenuItemKit (3.0.0)
  - Nimble (7.0.2)
  - Quick (1.2.0)
  - Realm (3.0.2):
    - Realm/Headers (= 3.0.2)
  - Realm/Headers (3.0.2)
  - RealmSwift (3.0.2):
    - Realm (= 3.0.2)
  - SSZipArchive (1.8.1)
  - ZFDragableModalTransition (0.6)

DEPENDENCIES:
  - FolioReaderKit (from `../`)
  - Nimble (= 7.0.2)
  - Quick (= 1.2.0)

EXTERNAL SOURCES:
  FolioReaderKit:
    :path: ../

SPEC CHECKSUMS:
  AEXML: 6fc6433aa35bdc15dd8eb8d54eb7aa4520a010eb
  FolioReaderKit: 32bc2b43cad2ac796bdd590edc267b3b8c87a1fd
  FontBlaster: 84229df8e3a7a6dacb190565bc543747a0c323f9
  JSQWebViewController: 0461aa42612b221571556df61d9c09f080cb2eef
  MenuItemKit: d9b539b28fdbbd7980d6f3668b9cd6daefeabd9b
  Nimble: bfe1f814edabba69ff145cb1283e04ed636a67f2
  Quick: 58d203b1c5e27fff7229c4c1ae445ad7069a7a08
  Realm: 6f23fd1f178a09342eac21bfa7c2bf4312a7a180
  RealmSwift: 695393add1b8f9d5fa75dd16e6355cf3935f71e2
  SSZipArchive: 04547dfa448be5ed7ecbaf7eaf8a6e9eb9b42997
  ZFDragableModalTransition: 0d294eaaba6edfcb9839595de765f9ca06a4b524

PODFILE CHECKSUM: d5e64429a71bc13b6eceb790b04656d8082e4d66

COCOAPODS: 1.3.1
