// !$*UTF8*$!
{
	archiveVersion = 1;
	classes = {
	};
	objectVersion = 46;
	objects = {

/* Begin PBXBuildFile section */
		8B8C73261CD80B6800A4E197 /* AppDelegate.swift in Sources */ = {isa = PBXBuildFile; fileRef = 8B8C73251CD80B6800A4E197 /* AppDelegate.swift */; };
		8B8C73281CD80B6800A4E197 /* ViewController.swift in Sources */ = {isa = PBXBuildFile; fileRef = 8B8C73271CD80B6800A4E197 /* ViewController.swift */; };
		8B8C732B1CD80B6800A4E197 /* Main.storyboard in Resources */ = {isa = PBXBuildFile; fileRef = 8B8C73291CD80B6800A4E197 /* Main.storyboard */; };
		8B8C732D1CD80B6800A4E197 /* Assets.xcassets in Resources */ = {isa = PBXBuildFile; fileRef = 8B8C732C1CD80B6800A4E197 /* Assets.xcassets */; };
		8B8C73301CD80B6800A4E197 /* LaunchScreen.storyboard in Resources */ = {isa = PBXBuildFile; fileRef = 8B8C732E1CD80B6800A4E197 /* LaunchScreen.storyboard */; };
		8B8C73501CD80D4D00A4E197 /* AEXML.framework in Frameworks */ = {isa = PBXBuildFile; fileRef = 8B8C73431CD80D4100A4E197 /* AEXML.framework */; };
		8B8C73511CD80D4D00A4E197 /* AEXML.framework in Embed Frameworks */ = {isa = PBXBuildFile; fileRef = 8B8C73431CD80D4100A4E197 /* AEXML.framework */; settings = {ATTRIBUTES = (CodeSignOnCopy, RemoveHeadersOnCopy, ); }; };
		8B8C73661CD8101100A4E197 /* example.xml in Resources */ = {isa = PBXBuildFile; fileRef = 8B8C73641CD8101100A4E197 /* example.xml */; };
		8B8C73671CD8101100A4E197 /* plant_catalog.xml in Resources */ = {isa = PBXBuildFile; fileRef = 8B8C73651CD8101100A4E197 /* plant_catalog.xml */; };
/* End PBXBuildFile section */

/* Begin PBXContainerItemProxy section */
		8B8C73421CD80D4100A4E197 /* PBXContainerItemProxy */ = {
			isa = PBXContainerItemProxy;
			containerPortal = 8B8C73381CD80D4100A4E197 /* AEXML.xcodeproj */;
			proxyType = 2;
			remoteGlobalIDString = 8B4A92791BDD47210011F36F;
			remoteInfo = "AEXML iOS";
		};
		8B8C73441CD80D4100A4E197 /* PBXContainerItemProxy */ = {
			isa = PBXContainerItemProxy;
			containerPortal = 8B8C73381CD80D4100A4E197 /* AEXML.xcodeproj */;
			proxyType = 2;
			remoteGlobalIDString = 8B4A92DF1BDD5D330011F36F;
			remoteInfo = "AEXML watchOS";
		};
		8B8C73461CD80D4100A4E197 /* PBXContainerItemProxy */ = {
			isa = PBXContainerItemProxy;
			containerPortal = 8B8C73381CD80D4100A4E197 /* AEXML.xcodeproj */;
			proxyType = 2;
			remoteGlobalIDString = 8B4A92991BDD4CEF0011F36F;
			remoteInfo = "AEXML iOS Tests";
		};
		8B8C73481CD80D4100A4E197 /* PBXContainerItemProxy */ = {
			isa = PBXContainerItemProxy;
			containerPortal = 8B8C73381CD80D4100A4E197 /* AEXML.xcodeproj */;
			proxyType = 2;
			remoteGlobalIDString = 8B4A92BE1BDD5B300011F36F;
			remoteInfo = "AEXML tvOS";
		};
		8B8C734A1CD80D4100A4E197 /* PBXContainerItemProxy */ = {
			isa = PBXContainerItemProxy;
			containerPortal = 8B8C73381CD80D4100A4E197 /* AEXML.xcodeproj */;
			proxyType = 2;
			remoteGlobalIDString = 8B4A92CC1BDD5BB20011F36F;
			remoteInfo = "AEXML tvOS Tests";
		};
		8B8C734C1CD80D4100A4E197 /* PBXContainerItemProxy */ = {
			isa = PBXContainerItemProxy;
			containerPortal = 8B8C73381CD80D4100A4E197 /* AEXML.xcodeproj */;
			proxyType = 2;
			remoteGlobalIDString = 8B4A928A1BDD49390011F36F;
			remoteInfo = "AEXML OSX";
		};
		8B8C734E1CD80D4100A4E197 /* PBXContainerItemProxy */ = {
			isa = PBXContainerItemProxy;
			containerPortal = 8B8C73381CD80D4100A4E197 /* AEXML.xcodeproj */;
			proxyType = 2;
			remoteGlobalIDString = 8B4A92AB1BDD54F50011F36F;
			remoteInfo = "AEXML OSX Tests";
		};
		8B8C73521CD80D4D00A4E197 /* PBXContainerItemProxy */ = {
			isa = PBXContainerItemProxy;
			containerPortal = 8B8C73381CD80D4100A4E197 /* AEXML.xcodeproj */;
			proxyType = 1;
			remoteGlobalIDString = 8B4A92781BDD47210011F36F;
			remoteInfo = "AEXML iOS";
		};
/* End PBXContainerItemProxy section */

/* Begin PBXCopyFilesBuildPhase section */
		8B8C73541CD80D4D00A4E197 /* Embed Frameworks */ = {
			isa = PBXCopyFilesBuildPhase;
			buildActionMask = 2147483647;
			dstPath = "";
			dstSubfolderSpec = 10;
			files = (
				8B8C73511CD80D4D00A4E197 /* AEXML.framework in Embed Frameworks */,
			);
			name = "Embed Frameworks";
			runOnlyForDeploymentPostprocessing = 0;
		};
/* End PBXCopyFilesBuildPhase section */

/* Begin PBXFileReference section */
		8B8C73221CD80B6800A4E197 /* AEXMLDemo.app */ = {isa = PBXFileReference; explicitFileType = wrapper.application; includeInIndex = 0; path = AEXMLDemo.app; sourceTree = BUILT_PRODUCTS_DIR; };
		8B8C73251CD80B6800A4E197 /* AppDelegate.swift */ = {isa = PBXFileReference; lastKnownFileType = sourcecode.swift; path = AppDelegate.swift; sourceTree = "<group>"; };
		8B8C73271CD80B6800A4E197 /* ViewController.swift */ = {isa = PBXFileReference; lastKnownFileType = sourcecode.swift; path = ViewController.swift; sourceTree = "<group>"; };
		8B8C732A1CD80B6800A4E197 /* Base */ = {isa = PBXFileReference; lastKnownFileType = file.storyboard; name = Base; path = Base.lproj/Main.storyboard; sourceTree = "<group>"; };
		8B8C732C1CD80B6800A4E197 /* Assets.xcassets */ = {isa = PBXFileReference; lastKnownFileType = folder.assetcatalog; path = Assets.xcassets; sourceTree = "<group>"; };
		8B8C732F1CD80B6800A4E197 /* Base */ = {isa = PBXFileReference; lastKnownFileType = file.storyboard; name = Base; path = Base.lproj/LaunchScreen.storyboard; sourceTree = "<group>"; };
		8B8C73311CD80B6800A4E197 /* Info.plist */ = {isa = PBXFileReference; lastKnownFileType = text.plist.xml; path = Info.plist; sourceTree = "<group>"; };
		8B8C73381CD80D4100A4E197 /* AEXML.xcodeproj */ = {isa = PBXFileReference; lastKnownFileType = "wrapper.pb-project"; name = AEXML.xcodeproj; path = ../AEXML.xcodeproj; sourceTree = "<group>"; };
		8B8C73641CD8101100A4E197 /* example.xml */ = {isa = PBXFileReference; fileEncoding = 4; lastKnownFileType = text.xml; path = example.xml; sourceTree = "<group>"; };
		8B8C73651CD8101100A4E197 /* plant_catalog.xml */ = {isa = PBXFileReference; fileEncoding = 4; lastKnownFileType = text.xml; path = plant_catalog.xml; sourceTree = "<group>"; };
/* End PBXFileReference section */

/* Begin PBXFrameworksBuildPhase section */
		8B8C731F1CD80B6800A4E197 /* Frameworks */ = {
			isa = PBXFrameworksBuildPhase;
			buildActionMask = 2147483647;
			files = (
				8B8C73501CD80D4D00A4E197 /* AEXML.framework in Frameworks */,
			);
			runOnlyForDeploymentPostprocessing = 0;
		};
/* End PBXFrameworksBuildPhase section */

/* Begin PBXGroup section */
		8B8C73191CD80B6800A4E197 = {
			isa = PBXGroup;
			children = (
				8B8C73241CD80B6800A4E197 /* AEXMLDemo */,
				8B8C73231CD80B6800A4E197 /* Products */,
				8B8C73381CD80D4100A4E197 /* AEXML.xcodeproj */,
			);
			sourceTree = "<group>";
		};
		8B8C73231CD80B6800A4E197 /* Products */ = {
			isa = PBXGroup;
			children = (
				8B8C73221CD80B6800A4E197 /* AEXMLDemo.app */,
			);
			name = Products;
			sourceTree = "<group>";
		};
		8B8C73241CD80B6800A4E197 /* AEXMLDemo */ = {
			isa = PBXGroup;
			children = (
				8B8C73251CD80B6800A4E197 /* AppDelegate.swift */,
				8B8C73271CD80B6800A4E197 /* ViewController.swift */,
				8B8C73631CD8101100A4E197 /* Resources */,
				8B8C73551CD80EC100A4E197 /* Supporting Files */,
			);
			path = AEXMLDemo;
			sourceTree = "<group>";
		};
		8B8C73391CD80D4100A4E197 /* Products */ = {
			isa = PBXGroup;
			children = (
				8B8C73431CD80D4100A4E197 /* AEXML.framework */,
				8B8C73451CD80D4100A4E197 /* AEXML.framework */,
				8B8C73471CD80D4100A4E197 /* AEXML iOS Tests.xctest */,
				8B8C73491CD80D4100A4E197 /* AEXML.framework */,
				8B8C734B1CD80D4100A4E197 /* AEXML tvOS Tests.xctest */,
				8B8C734D1CD80D4100A4E197 /* AEXML.framework */,
				8B8C734F1CD80D4100A4E197 /* AEXML OSX Tests.xctest */,
			);
			name = Products;
			sourceTree = "<group>";
		};
		8B8C73551CD80EC100A4E197 /* Supporting Files */ = {
			isa = PBXGroup;
			children = (
				8B8C73291CD80B6800A4E197 /* Main.storyboard */,
				8B8C732C1CD80B6800A4E197 /* Assets.xcassets */,
				8B8C732E1CD80B6800A4E197 /* LaunchScreen.storyboard */,
				8B8C73311CD80B6800A4E197 /* Info.plist */,
			);
			name = "Supporting Files";
			sourceTree = "<group>";
		};
		8B8C73631CD8101100A4E197 /* Resources */ = {
			isa = PBXGroup;
			children = (
				8B8C73641CD8101100A4E197 /* example.xml */,
				8B8C73651CD8101100A4E197 /* plant_catalog.xml */,
			);
			path = Resources;
			sourceTree = SOURCE_ROOT;
		};
/* End PBXGroup section */

/* Begin PBXNativeTarget section */
		8B8C73211CD80B6800A4E197 /* AEXMLDemo */ = {
			isa = PBXNativeTarget;
			buildConfigurationList = 8B8C73341CD80B6800A4E197 /* Build configuration list for PBXNativeTarget "AEXMLDemo" */;
			buildPhases = (
				8B8C731E1CD80B6800A4E197 /* Sources */,
				8B8C731F1CD80B6800A4E197 /* Frameworks */,
				8B8C73201CD80B6800A4E197 /* Resources */,
				8B8C73541CD80D4D00A4E197 /* Embed Frameworks */,
			);
			buildRules = (
			);
			dependencies = (
				8B8C73531CD80D4D00A4E197 /* PBXTargetDependency */,
			);
			name = AEXMLDemo;
			productName = AEXMLDemo;
			productReference = 8B8C73221CD80B6800A4E197 /* AEXMLDemo.app */;
			productType = "com.apple.product-type.application";
		};
/* End PBXNativeTarget section */

/* Begin PBXProject section */
		8B8C731A1CD80B6800A4E197 /* Project object */ = {
			isa = PBXProject;
			attributes = {
				LastSwiftUpdateCheck = 0730;
				LastUpgradeCheck = 0730;
				ORGANIZATIONNAME = AE;
				TargetAttributes = {
					8B8C73211CD80B6800A4E197 = {
						CreatedOnToolsVersion = 7.3;
					};
				};
			};
			buildConfigurationList = 8B8C731D1CD80B6800A4E197 /* Build configuration list for PBXProject "AEXMLDemo" */;
			compatibilityVersion = "Xcode 3.2";
			developmentRegion = English;
			hasScannedForEncodings = 0;
			knownRegions = (
				en,
				Base,
			);
			mainGroup = 8B8C73191CD80B6800A4E197;
			productRefGroup = 8B8C73231CD80B6800A4E197 /* Products */;
			projectDirPath = "";
			projectReferences = (
				{
					ProductGroup = 8B8C73391CD80D4100A4E197 /* Products */;
					ProjectRef = 8B8C73381CD80D4100A4E197 /* AEXML.xcodeproj */;
				},
			);
			projectRoot = "";
			targets = (
				8B8C73211CD80B6800A4E197 /* AEXMLDemo */,
			);
		};
/* End PBXProject section */

/* Begin PBXReferenceProxy section */
		8B8C73431CD80D4100A4E197 /* AEXML.framework */ = {
			isa = PBXReferenceProxy;
			fileType = wrapper.framework;
			path = AEXML.framework;
			remoteRef = 8B8C73421CD80D4100A4E197 /* PBXContainerItemProxy */;
			sourceTree = BUILT_PRODUCTS_DIR;
		};
		8B8C73451CD80D4100A4E197 /* AEXML.framework */ = {
			isa = PBXReferenceProxy;
			fileType = wrapper.framework;
			path = AEXML.framework;
			remoteRef = 8B8C73441CD80D4100A4E197 /* PBXContainerItemProxy */;
			sourceTree = BUILT_PRODUCTS_DIR;
		};
		8B8C73471CD80D4100A4E197 /* AEXML iOS Tests.xctest */ = {
			isa = PBXReferenceProxy;
			fileType = wrapper.cfbundle;
			path = "AEXML iOS Tests.xctest";
			remoteRef = 8B8C73461CD80D4100A4E197 /* PBXContainerItemProxy */;
			sourceTree = BUILT_PRODUCTS_DIR;
		};
		8B8C73491CD80D4100A4E197 /* AEXML.framework */ = {
			isa = PBXReferenceProxy;
			fileType = wrapper.framework;
			path = AEXML.framework;
			remoteRef = 8B8C73481CD80D4100A4E197 /* PBXContainerItemProxy */;
			sourceTree = BUILT_PRODUCTS_DIR;
		};
		8B8C734B1CD80D4100A4E197 /* AEXML tvOS Tests.xctest */ = {
			isa = PBXReferenceProxy;
			fileType = wrapper.cfbundle;
			path = "AEXML tvOS Tests.xctest";
			remoteRef = 8B8C734A1CD80D4100A4E197 /* PBXContainerItemProxy */;
			sourceTree = BUILT_PRODUCTS_DIR;
		};
		8B8C734D1CD80D4100A4E197 /* AEXML.framework */ = {
			isa = PBXReferenceProxy;
			fileType = wrapper.framework;
			path = AEXML.framework;
			remoteRef = 8B8C734C1CD80D4100A4E197 /* PBXContainerItemProxy */;
			sourceTree = BUILT_PRODUCTS_DIR;
		};
		8B8C734F1CD80D4100A4E197 /* AEXML OSX Tests.xctest */ = {
			isa = PBXReferenceProxy;
			fileType = wrapper.cfbundle;
			path = "AEXML OSX Tests.xctest";
			remoteRef = 8B8C734E1CD80D4100A4E197 /* PBXContainerItemProxy */;
			sourceTree = BUILT_PRODUCTS_DIR;
		};
/* End PBXReferenceProxy section */

/* Begin PBXResourcesBuildPhase section */
		8B8C73201CD80B6800A4E197 /* Resources */ = {
			isa = PBXResourcesBuildPhase;
			buildActionMask = 2147483647;
			files = (
				8B8C73301CD80B6800A4E197 /* LaunchScreen.storyboard in Resources */,
				8B8C732D1CD80B6800A4E197 /* Assets.xcassets in Resources */,
				8B8C73671CD8101100A4E197 /* plant_catalog.xml in Resources */,
				8B8C73661CD8101100A4E197 /* example.xml in Resources */,
				8B8C732B1CD80B6800A4E197 /* Main.storyboard in Resources */,
			);
			runOnlyForDeploymentPostprocessing = 0;
		};
/* End PBXResourcesBuildPhase section */

/* Begin PBXSourcesBuildPhase section */
		8B8C731E1CD80B6800A4E197 /* Sources */ = {
			isa = PBXSourcesBuildPhase;
			buildActionMask = 2147483647;
			files = (
				8B8C73281CD80B6800A4E197 /* ViewController.swift in Sources */,
				8B8C73261CD80B6800A4E197 /* AppDelegate.swift in Sources */,
			);
			runOnlyForDeploymentPostprocessing = 0;
		};
/* End PBXSourcesBuildPhase section */

/* Begin PBXTargetDependency section */
		8B8C73531CD80D4D00A4E197 /* PBXTargetDependency */ = {
			isa = PBXTargetDependency;
			name = "AEXML iOS";
			targetProxy = 8B8C73521CD80D4D00A4E197 /* PBXContainerItemProxy */;
		};
/* End PBXTargetDependency section */

/* Begin PBXVariantGroup section */
		8B8C73291CD80B6800A4E197 /* Main.storyboard */ = {
			isa = PBXVariantGroup;
			children = (
				8B8C732A1CD80B6800A4E197 /* Base */,
			);
			name = Main.storyboard;
			sourceTree = "<group>";
		};
		8B8C732E1CD80B6800A4E197 /* LaunchScreen.storyboard */ = {
			isa = PBXVariantGroup;
			children = (
				8B8C732F1CD80B6800A4E197 /* Base */,
			);
			name = LaunchScreen.storyboard;
			sourceTree = "<group>";
		};
/* End PBXVariantGroup section */

/* Begin XCBuildConfiguration section */
		8B8C73321CD80B6800A4E197 /* Debug */ = {
			isa = XCBuildConfiguration;
			buildSettings = {
				ALWAYS_SEARCH_USER_PATHS = NO;
				CLANG_ANALYZER_NONNULL = YES;
				CLANG_CXX_LANGUAGE_STANDARD = "gnu++0x";
				CLANG_CXX_LIBRARY = "libc++";
				CLANG_ENABLE_MODULES = YES;
				CLANG_ENABLE_OBJC_ARC = YES;
				CLANG_WARN_BOOL_CONVERSION = YES;
				CLANG_WARN_CONSTANT_CONVERSION = YES;
				CLANG_WARN_DIRECT_OBJC_ISA_USAGE = YES_ERROR;
				CLANG_WARN_EMPTY_BODY = YES;
				CLANG_WARN_ENUM_CONVERSION = YES;
				CLANG_WARN_INT_CONVERSION = YES;
				CLANG_WARN_OBJC_ROOT_CLASS = YES_ERROR;
				CLANG_WARN_UNREACHABLE_CODE = YES;
				CLANG_WARN__DUPLICATE_METHOD_MATCH = YES;
				"CODE_SIGN_IDENTITY[sdk=iphoneos*]" = "iPhone Developer";
				COPY_PHASE_STRIP = NO;
				DEBUG_INFORMATION_FORMAT = dwarf;
				ENABLE_STRICT_OBJC_MSGSEND = YES;
				ENABLE_TESTABILITY = YES;
				GCC_C_LANGUAGE_STANDARD = gnu99;
				GCC_DYNAMIC_NO_PIC = NO;
				GCC_NO_COMMON_BLOCKS = YES;
				GCC_OPTIMIZATION_LEVEL = 0;
				GCC_PREPROCESSOR_DEFINITIONS = (
					"DEBUG=1",
					"$(inherited)",
				);
				GCC_WARN_64_TO_32_BIT_CONVERSION = YES;
				GCC_WARN_ABOUT_RETURN_TYPE = YES_ERROR;
				GCC_WARN_UNDECLARED_SELECTOR = YES;
				GCC_WARN_UNINITIALIZED_AUTOS = YES_AGGRESSIVE;
				GCC_WARN_UNUSED_FUNCTION = YES;
				GCC_WARN_UNUSED_VARIABLE = YES;
				IPHONEOS_DEPLOYMENT_TARGET = 9.3;
				MTL_ENABLE_DEBUG_INFO = YES;
				ONLY_ACTIVE_ARCH = YES;
				SDKROOT = iphoneos;
				SWIFT_OPTIMIZATION_LEVEL = "-Onone";
				TARGETED_DEVICE_FAMILY = "1,2";
			};
			name = Debug;
		};
		8B8C73331CD80B6800A4E197 /* Release */ = {
			isa = XCBuildConfiguration;
			buildSettings = {
				ALWAYS_SEARCH_USER_PATHS = NO;
				CLANG_ANALYZER_NONNULL = YES;
				CLANG_CXX_LANGUAGE_STANDARD = "gnu++0x";
				CLANG_CXX_LIBRARY = "libc++";
				CLANG_ENABLE_MODULES = YES;
				CLANG_ENABLE_OBJC_ARC = YES;
				CLANG_WARN_BOOL_CONVERSION = YES;
				CLANG_WARN_CONSTANT_CONVERSION = YES;
				CLANG_WARN_DIRECT_OBJC_ISA_USAGE = YES_ERROR;
				CLANG_WARN_EMPTY_BODY = YES;
				CLANG_WARN_ENUM_CONVERSION = YES;
				CLANG_WARN_INT_CONVERSION = YES;
				CLANG_WARN_OBJC_ROOT_CLASS = YES_ERROR;
				CLANG_WARN_UNREACHABLE_CODE = YES;
				CLANG_WARN__DUPLICATE_METHOD_MATCH = YES;
				"CODE_SIGN_IDENTITY[sdk=iphoneos*]" = "iPhone Developer";
				COPY_PHASE_STRIP = NO;
				DEBUG_INFORMATION_FORMAT = "dwarf-with-dsym";
				ENABLE_NS_ASSERTIONS = NO;
				ENABLE_STRICT_OBJC_MSGSEND = YES;
				GCC_C_LANGUAGE_STANDARD = gnu99;
				GCC_NO_COMMON_BLOCKS = YES;
				GCC_WARN_64_TO_32_BIT_CONVERSION = YES;
				GCC_WARN_ABOUT_RETURN_TYPE = YES_ERROR;
				GCC_WARN_UNDECLARED_SELECTOR = YES;
				GCC_WARN_UNINITIALIZED_AUTOS = YES_AGGRESSIVE;
				GCC_WARN_UNUSED_FUNCTION = YES;
				GCC_WARN_UNUSED_VARIABLE = YES;
				IPHONEOS_DEPLOYMENT_TARGET = 9.3;
				MTL_ENABLE_DEBUG_INFO = NO;
				SDKROOT = iphoneos;
				TARGETED_DEVICE_FAMILY = "1,2";
				VALIDATE_PRODUCT = YES;
			};
			name = Release;
		};
		8B8C73351CD80B6800A4E197 /* Debug */ = {
			isa = XCBuildConfiguration;
			buildSettings = {
				ASSETCATALOG_COMPILER_APPICON_NAME = AppIcon;
				EMBEDDED_CONTENT_CONTAINS_SWIFT = YES;
				INFOPLIST_FILE = AEXMLDemo/Info.plist;
				LD_RUNPATH_SEARCH_PATHS = "$(inherited) @executable_path/Frameworks";
				PRODUCT_BUNDLE_IDENTIFIER = net.tadija.AEXMLDemo;
				PRODUCT_NAME = "$(TARGET_NAME)";
			};
			name = Debug;
		};
		8B8C73361CD80B6800A4E197 /* Release */ = {
			isa = XCBuildConfiguration;
			buildSettings = {
				ASSETCATALOG_COMPILER_APPICON_NAME = AppIcon;
				EMBEDDED_CONTENT_CONTAINS_SWIFT = YES;
				INFOPLIST_FILE = AEXMLDemo/Info.plist;
				LD_RUNPATH_SEARCH_PATHS = "$(inherited) @executable_path/Frameworks";
				PRODUCT_BUNDLE_IDENTIFIER = net.tadija.AEXMLDemo;
				PRODUCT_NAME = "$(TARGET_NAME)";
			};
			name = Release;
		};
/* End XCBuildConfiguration section */

/* Begin XCConfigurationList section */
		8B8C731D1CD80B6800A4E197 /* Build configuration list for PBXProject "AEXMLDemo" */ = {
			isa = XCConfigurationList;
			buildConfigurations = (
				8B8C73321CD80B6800A4E197 /* Debug */,
				8B8C73331CD80B6800A4E197 /* Release */,
			);
			defaultConfigurationIsVisible = 0;
			defaultConfigurationName = Release;
		};
		8B8C73341CD80B6800A4E197 /* Build configuration list for PBXNativeTarget "AEXMLDemo" */ = {
			isa = XCConfigurationList;
			buildConfigurations = (
				8B8C73351CD80B6800A4E197 /* Debug */,
				8B8C73361CD80B6800A4E197 /* Release */,
			);
			defaultConfigurationIsVisible = 0;
			defaultConfigurationName = Release;
		};
/* End XCConfigurationList section */
	};
	rootObject = 8B8C731A1CD80B6800A4E197 /* Project object */;
}
