// !$*UTF8*$!
{
	archiveVersion = 1;
	classes = {
	};
	objectVersion = 46;
	objects = {

/* Begin PBXBuildFile section */
		13EEB9E592A80F9B0437B43C /* Pods_Example.framework in Frameworks */ = {isa = PBXBuildFile; fileRef = 0D6C7FEDB0C1CA1F769F87ED /* Pods_Example.framework */; };
		1A42C28D1C0E3882000F2137 /* AppDelegate.swift in Sources */ = {isa = PBXBuildFile; fileRef = 1A42C28C1C0E3882000F2137 /* AppDelegate.swift */; };
		1A42C28F1C0E3882000F2137 /* ViewController.swift in Sources */ = {isa = PBXBuildFile; fileRef = 1A42C28E1C0E3882000F2137 /* ViewController.swift */; };
		1A42C2921C0E3883000F2137 /* Main.storyboard in Resources */ = {isa = PBXBuildFile; fileRef = 1A42C2901C0E3883000F2137 /* Main.storyboard */; };
		1A42C2A21C0E3A8D000F2137 /* LaunchScreen.storyboard in Resources */ = {isa = PBXBuildFile; fileRef = 1A42C2A01C0E3A8D000F2137 /* LaunchScreen.storyboard */; };
		3A8E86F71E9F80CB00CD844C /* CodeExampleViewController.swift in Sources */ = {isa = PBXBuildFile; fileRef = 3A8E86F21E9F80CB00CD844C /* CodeExampleViewController.swift */; };
		3A8E86F81E9F80CB00CD844C /* BaseExampleFolioReaderContainer.swift in Sources */ = {isa = PBXBuildFile; fileRef = 3A8E86F41E9F80CB00CD844C /* BaseExampleFolioReaderContainer.swift */; };
		3A8E86F91E9F80CB00CD844C /* BookOneExampleFolioReaderContainer.swift in Sources */ = {isa = PBXBuildFile; fileRef = 3A8E86F51E9F80CB00CD844C /* BookOneExampleFolioReaderContainer.swift */; };
		3A8E86FA1E9F80CB00CD844C /* BookTwoExampleFolioReaderContainer.swift in Sources */ = {isa = PBXBuildFile; fileRef = 3A8E86F61E9F80CB00CD844C /* BookTwoExampleFolioReaderContainer.swift */; };
		3AAA8B861E9BB8B700A47E5A /* AppDelegate.swift in Sources */ = {isa = PBXBuildFile; fileRef = 3AAA8B7E1E9BB8B700A47E5A /* AppDelegate.swift */; };
		3AAA8B881E9BB8B700A47E5A /* LaunchScreen.storyboard in Resources */ = {isa = PBXBuildFile; fileRef = 3AAA8B801E9BB8B700A47E5A /* LaunchScreen.storyboard */; };
		3AAA8B891E9BB8B700A47E5A /* Main.storyboard in Resources */ = {isa = PBXBuildFile; fileRef = 3AAA8B821E9BB8B700A47E5A /* Main.storyboard */; };
		3AAA8B8A1E9BB8B700A47E5A /* ExampleFolioReaderContainer.swift in Sources */ = {isa = PBXBuildFile; fileRef = 3AAA8B841E9BB8B700A47E5A /* ExampleFolioReaderContainer.swift */; };
		3AAA8B951E9BB8CD00A47E5A /* AppDelegate.swift in Sources */ = {isa = PBXBuildFile; fileRef = 3AAA8B8D1E9BB8CD00A47E5A /* AppDelegate.swift */; };
		3AAA8B971E9BB8CD00A47E5A /* LaunchScreen.storyboard in Resources */ = {isa = PBXBuildFile; fileRef = 3AAA8B8F1E9BB8CD00A47E5A /* LaunchScreen.storyboard */; };
		3AAA8B981E9BB8CD00A47E5A /* Main.storyboard in Resources */ = {isa = PBXBuildFile; fileRef = 3AAA8B911E9BB8CD00A47E5A /* Main.storyboard */; };
		3AAA8BA01E9BB94B00A47E5A /* Assets.xcassets in Resources */ = {isa = PBXBuildFile; fileRef = 3AAA8B9C1E9BB94B00A47E5A /* Assets.xcassets */; };
		3AAA8BA11E9BB94B00A47E5A /* Assets.xcassets in Resources */ = {isa = PBXBuildFile; fileRef = 3AAA8B9C1E9BB94B00A47E5A /* Assets.xcassets */; };
		3AAA8BA21E9BB94B00A47E5A /* Assets.xcassets in Resources */ = {isa = PBXBuildFile; fileRef = 3AAA8B9C1E9BB94B00A47E5A /* Assets.xcassets */; };
		3AAA8BA31E9BB94B00A47E5A /* The Adventures Of Sherlock Holmes - Adventure I.epub in Resources */ = {isa = PBXBuildFile; fileRef = 3AAA8B9E1E9BB94B00A47E5A /* The Adventures Of Sherlock Holmes - Adventure I.epub */; };
		3AAA8BA41E9BB94B00A47E5A /* The Adventures Of Sherlock Holmes - Adventure I.epub in Resources */ = {isa = PBXBuildFile; fileRef = 3AAA8B9E1E9BB94B00A47E5A /* The Adventures Of Sherlock Holmes - Adventure I.epub */; };
		3AAA8BA51E9BB94B00A47E5A /* The Adventures Of Sherlock Holmes - Adventure I.epub in Resources */ = {isa = PBXBuildFile; fileRef = 3AAA8B9E1E9BB94B00A47E5A /* The Adventures Of Sherlock Holmes - Adventure I.epub */; };
		3AAA8BA61E9BB94B00A47E5A /* The Silver Chair.epub in Resources */ = {isa = PBXBuildFile; fileRef = 3AAA8B9F1E9BB94B00A47E5A /* The Silver Chair.epub */; };
		3AAA8BA71E9BB94B00A47E5A /* The Silver Chair.epub in Resources */ = {isa = PBXBuildFile; fileRef = 3AAA8B9F1E9BB94B00A47E5A /* The Silver Chair.epub */; };
		3AAA8BA81E9BB94B00A47E5A /* The Silver Chair.epub in Resources */ = {isa = PBXBuildFile; fileRef = 3AAA8B9F1E9BB94B00A47E5A /* The Silver Chair.epub */; };
		3AAA8BA91E9BBFAF00A47E5A /* MediaPlayer.framework in Frameworks */ = {isa = PBXBuildFile; fileRef = 6E3C4A3E1C3C6708009CBC8C /* MediaPlayer.framework */; };
		3AAA8BAA1E9BBFB700A47E5A /* MediaPlayer.framework in Frameworks */ = {isa = PBXBuildFile; fileRef = 6E3C4A3E1C3C6708009CBC8C /* MediaPlayer.framework */; };
		6E3C4A3F1C3C6708009CBC8C /* MediaPlayer.framework in Frameworks */ = {isa = PBXBuildFile; fileRef = 6E3C4A3E1C3C6708009CBC8C /* MediaPlayer.framework */; };
		751F8CF61ECD20110050A2CF /* Epub.swift in Sources */ = {isa = PBXBuildFile; fileRef = 751F8CF51ECD20110050A2CF /* Epub.swift */; };
		751F8CF71ECD20110050A2CF /* Epub.swift in Sources */ = {isa = PBXBuildFile; fileRef = 751F8CF51ECD20110050A2CF /* Epub.swift */; };
		751F8CF81ECD20110050A2CF /* Epub.swift in Sources */ = {isa = PBXBuildFile; fileRef = 751F8CF51ECD20110050A2CF /* Epub.swift */; };
		C143E5BE0CD376A99AD08747 /* Pods_Storyboard_Example.framework in Frameworks */ = {isa = PBXBuildFile; fileRef = 44C24A346E8730FB52DC197B /* Pods_Storyboard_Example.framework */; };
		CA10C1341C572A4B0049165D /* FolioReaderTests.swift in Sources */ = {isa = PBXBuildFile; fileRef = CA10C1331C572A4B0049165D /* FolioReaderTests.swift */; };
		CAF233291C57E1F400CB930C /* SharingProviderTests.swift in Sources */ = {isa = PBXBuildFile; fileRef = CAF233281C57E1F400CB930C /* SharingProviderTests.swift */; };
		DB8597912791266AA602B5B1 /* Pods_FolioReaderTests.framework in Frameworks */ = {isa = PBXBuildFile; fileRef = 27131F41E20F15F72AAF7176 /* Pods_FolioReaderTests.framework */; };
		DEF42BA2DD4348929475052F /* Pods_MultipleInstance_Example.framework in Frameworks */ = {isa = PBXBuildFile; fileRef = 843E2EEC2F784021400961A9 /* Pods_MultipleInstance_Example.framework */; };
/* End PBXBuildFile section */

/* Begin PBXContainerItemProxy section */
		CA10C1361C572A4B0049165D /* PBXContainerItemProxy */ = {
			isa = PBXContainerItemProxy;
			containerPortal = 1A42C2811C0E3882000F2137 /* Project object */;
			proxyType = 1;
			remoteGlobalIDString = 1A42C2881C0E3882000F2137;
			remoteInfo = Example;
		};
/* End PBXContainerItemProxy section */

/* Begin PBXFileReference section */
		054F92EA4A92E2C8F69C82E1 /* Pods-MultipleInstance-Example.debug.xcconfig */ = {isa = PBXFileReference; includeInIndex = 1; lastKnownFileType = text.xcconfig; name = "Pods-MultipleInstance-Example.debug.xcconfig"; path = "Pods/Target Support Files/Pods-MultipleInstance-Example/Pods-MultipleInstance-Example.debug.xcconfig"; sourceTree = "<group>"; };
		0D6C7FEDB0C1CA1F769F87ED /* Pods_Example.framework */ = {isa = PBXFileReference; explicitFileType = wrapper.framework; includeInIndex = 0; path = Pods_Example.framework; sourceTree = BUILT_PRODUCTS_DIR; };
		1A42C2891C0E3882000F2137 /* Example.app */ = {isa = PBXFileReference; explicitFileType = wrapper.application; includeInIndex = 0; path = Example.app; sourceTree = BUILT_PRODUCTS_DIR; };
		1A42C28C1C0E3882000F2137 /* AppDelegate.swift */ = {isa = PBXFileReference; lastKnownFileType = sourcecode.swift; path = AppDelegate.swift; sourceTree = "<group>"; };
		1A42C28E1C0E3882000F2137 /* ViewController.swift */ = {isa = PBXFileReference; lastKnownFileType = sourcecode.swift; path = ViewController.swift; sourceTree = "<group>"; };
		1A42C2911C0E3883000F2137 /* Base */ = {isa = PBXFileReference; lastKnownFileType = file.storyboard; name = Base; path = Base.lproj/Main.storyboard; sourceTree = "<group>"; };
		1A42C2981C0E3883000F2137 /* Info.plist */ = {isa = PBXFileReference; lastKnownFileType = text.plist.xml; path = Info.plist; sourceTree = "<group>"; };
		1A42C2A11C0E3A8D000F2137 /* Base */ = {isa = PBXFileReference; lastKnownFileType = file.storyboard; name = Base; path = Base.lproj/LaunchScreen.storyboard; sourceTree = "<group>"; };
		1D4790507F22E69298DC06E1 /* Pods-StoryboardExample.release.xcconfig */ = {isa = PBXFileReference; includeInIndex = 1; lastKnownFileType = text.xcconfig; name = "Pods-StoryboardExample.release.xcconfig"; path = "Pods/Target Support Files/Pods-StoryboardExample/Pods-StoryboardExample.release.xcconfig"; sourceTree = "<group>"; };
		27131F41E20F15F72AAF7176 /* Pods_FolioReaderTests.framework */ = {isa = PBXFileReference; explicitFileType = wrapper.framework; includeInIndex = 0; path = Pods_FolioReaderTests.framework; sourceTree = BUILT_PRODUCTS_DIR; };
		318E62E766AB854BE290FB53 /* Pods_StoryboardExample.framework */ = {isa = PBXFileReference; explicitFileType = wrapper.framework; includeInIndex = 0; path = Pods_StoryboardExample.framework; sourceTree = BUILT_PRODUCTS_DIR; };
		3A8E86F21E9F80CB00CD844C /* CodeExampleViewController.swift */ = {isa = PBXFileReference; fileEncoding = 4; lastKnownFileType = sourcecode.swift; path = CodeExampleViewController.swift; sourceTree = "<group>"; };
		3A8E86F41E9F80CB00CD844C /* BaseExampleFolioReaderContainer.swift */ = {isa = PBXFileReference; fileEncoding = 4; lastKnownFileType = sourcecode.swift; path = BaseExampleFolioReaderContainer.swift; sourceTree = "<group>"; };
		3A8E86F51E9F80CB00CD844C /* BookOneExampleFolioReaderContainer.swift */ = {isa = PBXFileReference; fileEncoding = 4; lastKnownFileType = sourcecode.swift; path = BookOneExampleFolioReaderContainer.swift; sourceTree = "<group>"; };
		3A8E86F61E9F80CB00CD844C /* BookTwoExampleFolioReaderContainer.swift */ = {isa = PBXFileReference; fileEncoding = 4; lastKnownFileType = sourcecode.swift; path = BookTwoExampleFolioReaderContainer.swift; sourceTree = "<group>"; };
		3AAA8B7A1E9BB78B00A47E5A /* MultipleInstance-Example.app */ = {isa = PBXFileReference; explicitFileType = wrapper.application; includeInIndex = 0; path = "MultipleInstance-Example.app"; sourceTree = BUILT_PRODUCTS_DIR; };
		3AAA8B7E1E9BB8B700A47E5A /* AppDelegate.swift */ = {isa = PBXFileReference; fileEncoding = 4; lastKnownFileType = sourcecode.swift; path = AppDelegate.swift; sourceTree = "<group>"; };
		3AAA8B811E9BB8B700A47E5A /* Base */ = {isa = PBXFileReference; lastKnownFileType = file.storyboard; name = Base; path = Base.lproj/LaunchScreen.storyboard; sourceTree = "<group>"; };
		3AAA8B831E9BB8B700A47E5A /* Base */ = {isa = PBXFileReference; lastKnownFileType = file.storyboard; name = Base; path = Base.lproj/Main.storyboard; sourceTree = "<group>"; };
		3AAA8B841E9BB8B700A47E5A /* ExampleFolioReaderContainer.swift */ = {isa = PBXFileReference; fileEncoding = 4; lastKnownFileType = sourcecode.swift; path = ExampleFolioReaderContainer.swift; sourceTree = "<group>"; };
		3AAA8B851E9BB8B700A47E5A /* Info.plist */ = {isa = PBXFileReference; fileEncoding = 4; lastKnownFileType = text.plist.xml; path = Info.plist; sourceTree = "<group>"; };
		3AAA8B8D1E9BB8CD00A47E5A /* AppDelegate.swift */ = {isa = PBXFileReference; fileEncoding = 4; lastKnownFileType = sourcecode.swift; path = AppDelegate.swift; sourceTree = "<group>"; };
		3AAA8B901E9BB8CD00A47E5A /* Base */ = {isa = PBXFileReference; lastKnownFileType = file.storyboard; name = Base; path = Base.lproj/LaunchScreen.storyboard; sourceTree = "<group>"; };
		3AAA8B921E9BB8CD00A47E5A /* Base */ = {isa = PBXFileReference; lastKnownFileType = file.storyboard; name = Base; path = Base.lproj/Main.storyboard; sourceTree = "<group>"; };
		3AAA8B941E9BB8CD00A47E5A /* Info.plist */ = {isa = PBXFileReference; fileEncoding = 4; lastKnownFileType = text.plist.xml; path = Info.plist; sourceTree = "<group>"; };
		3AAA8B9C1E9BB94B00A47E5A /* Assets.xcassets */ = {isa = PBXFileReference; lastKnownFileType = folder.assetcatalog; path = Assets.xcassets; sourceTree = "<group>"; };
		3AAA8B9E1E9BB94B00A47E5A /* The Adventures Of Sherlock Holmes - Adventure I.epub */ = {isa = PBXFileReference; lastKnownFileType = file; path = "The Adventures Of Sherlock Holmes - Adventure I.epub"; sourceTree = "<group>"; };
		3AAA8B9F1E9BB94B00A47E5A /* The Silver Chair.epub */ = {isa = PBXFileReference; lastKnownFileType = file; path = "The Silver Chair.epub"; sourceTree = "<group>"; };
		3CE90B4095B5C7E6237EEBDD /* Pods-FolioReaderTests.debug.xcconfig */ = {isa = PBXFileReference; includeInIndex = 1; lastKnownFileType = text.xcconfig; name = "Pods-FolioReaderTests.debug.xcconfig"; path = "Pods/Target Support Files/Pods-FolioReaderTests/Pods-FolioReaderTests.debug.xcconfig"; sourceTree = "<group>"; };
		44C24A346E8730FB52DC197B /* Pods_Storyboard_Example.framework */ = {isa = PBXFileReference; explicitFileType = wrapper.framework; includeInIndex = 0; path = Pods_Storyboard_Example.framework; sourceTree = BUILT_PRODUCTS_DIR; };
		5C8EADB52E1D834750CD7D23 /* Pods-Example.debug.xcconfig */ = {isa = PBXFileReference; includeInIndex = 1; lastKnownFileType = text.xcconfig; name = "Pods-Example.debug.xcconfig"; path = "Pods/Target Support Files/Pods-Example/Pods-Example.debug.xcconfig"; sourceTree = "<group>"; };
		6E3C4A3E1C3C6708009CBC8C /* MediaPlayer.framework */ = {isa = PBXFileReference; lastKnownFileType = wrapper.framework; name = MediaPlayer.framework; path = System/Library/Frameworks/MediaPlayer.framework; sourceTree = SDKROOT; };
		751CA93A8AFDADE43FB75F6B /* Pods-Storyboard-Example.debug.xcconfig */ = {isa = PBXFileReference; includeInIndex = 1; lastKnownFileType = text.xcconfig; name = "Pods-Storyboard-Example.debug.xcconfig"; path = "Pods/Target Support Files/Pods-Storyboard-Example/Pods-Storyboard-Example.debug.xcconfig"; sourceTree = "<group>"; };
		751F8CF51ECD20110050A2CF /* Epub.swift */ = {isa = PBXFileReference; fileEncoding = 4; lastKnownFileType = sourcecode.swift; path = Epub.swift; sourceTree = "<group>"; };
		843E2EEC2F784021400961A9 /* Pods_MultipleInstance_Example.framework */ = {isa = PBXFileReference; explicitFileType = wrapper.framework; includeInIndex = 0; path = Pods_MultipleInstance_Example.framework; sourceTree = BUILT_PRODUCTS_DIR; };
		8E1BE6465444C567F5D1B8E6 /* Pods-FolioReaderTests.release.xcconfig */ = {isa = PBXFileReference; includeInIndex = 1; lastKnownFileType = text.xcconfig; name = "Pods-FolioReaderTests.release.xcconfig"; path = "Pods/Target Support Files/Pods-FolioReaderTests/Pods-FolioReaderTests.release.xcconfig"; sourceTree = "<group>"; };
		C4F8C36D75B15390CDB07BF1 /* Pods-MultipleInstance-Example.release.xcconfig */ = {isa = PBXFileReference; includeInIndex = 1; lastKnownFileType = text.xcconfig; name = "Pods-MultipleInstance-Example.release.xcconfig"; path = "Pods/Target Support Files/Pods-MultipleInstance-Example/Pods-MultipleInstance-Example.release.xcconfig"; sourceTree = "<group>"; };
		C860A0C690322C01443DBA0C /* Pods-Storyboard-Example.release.xcconfig */ = {isa = PBXFileReference; includeInIndex = 1; lastKnownFileType = text.xcconfig; name = "Pods-Storyboard-Example.release.xcconfig"; path = "Pods/Target Support Files/Pods-Storyboard-Example/Pods-Storyboard-Example.release.xcconfig"; sourceTree = "<group>"; };
		CA10C1311C572A4B0049165D /* FolioReaderTests.xctest */ = {isa = PBXFileReference; explicitFileType = wrapper.cfbundle; includeInIndex = 0; path = FolioReaderTests.xctest; sourceTree = BUILT_PRODUCTS_DIR; };
		CA10C1331C572A4B0049165D /* FolioReaderTests.swift */ = {isa = PBXFileReference; lastKnownFileType = sourcecode.swift; path = FolioReaderTests.swift; sourceTree = "<group>"; };
		CA10C1351C572A4B0049165D /* Info.plist */ = {isa = PBXFileReference; lastKnownFileType = text.plist.xml; path = Info.plist; sourceTree = "<group>"; };
		CAF233281C57E1F400CB930C /* SharingProviderTests.swift */ = {isa = PBXFileReference; fileEncoding = 4; lastKnownFileType = sourcecode.swift; path = SharingProviderTests.swift; sourceTree = "<group>"; };
		D12066631D65FABD006E1D18 /* Storyboard-Example.app */ = {isa = PBXFileReference; explicitFileType = wrapper.application; includeInIndex = 0; path = "Storyboard-Example.app"; sourceTree = BUILT_PRODUCTS_DIR; };
		D7C82C879F323C6E960F882B /* Pods-StoryboardExample.debug.xcconfig */ = {isa = PBXFileReference; includeInIndex = 1; lastKnownFileType = text.xcconfig; name = "Pods-StoryboardExample.debug.xcconfig"; path = "Pods/Target Support Files/Pods-StoryboardExample/Pods-StoryboardExample.debug.xcconfig"; sourceTree = "<group>"; };
		F4CBB0C2C0FDFA3E1648DB43 /* Pods-Example.release.xcconfig */ = {isa = PBXFileReference; includeInIndex = 1; lastKnownFileType = text.xcconfig; name = "Pods-Example.release.xcconfig"; path = "Pods/Target Support Files/Pods-Example/Pods-Example.release.xcconfig"; sourceTree = "<group>"; };
/* End PBXFileReference section */

/* Begin PBXFrameworksBuildPhase section */
		1A42C2861C0E3882000F2137 /* Frameworks */ = {
			isa = PBXFrameworksBuildPhase;
			buildActionMask = 2147483647;
			files = (
				6E3C4A3F1C3C6708009CBC8C /* MediaPlayer.framework in Frameworks */,
				13EEB9E592A80F9B0437B43C /* Pods_Example.framework in Frameworks */,
			);
			runOnlyForDeploymentPostprocessing = 0;
		};
		3AAA8B6C1E9BB78B00A47E5A /* Frameworks */ = {
			isa = PBXFrameworksBuildPhase;
			buildActionMask = 2147483647;
			files = (
				3AAA8BAA1E9BBFB700A47E5A /* MediaPlayer.framework in Frameworks */,
				DEF42BA2DD4348929475052F /* Pods_MultipleInstance_Example.framework in Frameworks */,
			);
			runOnlyForDeploymentPostprocessing = 0;
		};
		CA10C12E1C572A4B0049165D /* Frameworks */ = {
			isa = PBXFrameworksBuildPhase;
			buildActionMask = 2147483647;
			files = (
				DB8597912791266AA602B5B1 /* Pods_FolioReaderTests.framework in Frameworks */,
			);
			runOnlyForDeploymentPostprocessing = 0;
		};
		D12066601D65FABD006E1D18 /* Frameworks */ = {
			isa = PBXFrameworksBuildPhase;
			buildActionMask = 2147483647;
			files = (
				3AAA8BA91E9BBFAF00A47E5A /* MediaPlayer.framework in Frameworks */,
				C143E5BE0CD376A99AD08747 /* Pods_Storyboard_Example.framework in Frameworks */,
			);
			runOnlyForDeploymentPostprocessing = 0;
		};
/* End PBXFrameworksBuildPhase section */

/* Begin PBXGroup section */
		1A42C2801C0E3882000F2137 = {
			isa = PBXGroup;
			children = (
				3AAA8B9B1E9BB94B00A47E5A /* Shared */,
				1A42C28B1C0E3882000F2137 /* Example */,
				3AAA8B7D1E9BB8B700A47E5A /* Storyboard-Example */,
				3AAA8B8C1E9BB8CD00A47E5A /* MultipleInstances-Example */,
				CA10C1321C572A4B0049165D /* FolioReaderTests */,
				1A42C28A1C0E3882000F2137 /* Products */,
				D394FAB8B11D7C692E7BE00D /* Frameworks */,
				4FAF8E8BF5565FFE2E47F8F7 /* Pods */,
			);
			sourceTree = "<group>";
		};
		1A42C28A1C0E3882000F2137 /* Products */ = {
			isa = PBXGroup;
			children = (
				1A42C2891C0E3882000F2137 /* Example.app */,
				CA10C1311C572A4B0049165D /* FolioReaderTests.xctest */,
				D12066631D65FABD006E1D18 /* Storyboard-Example.app */,
				3AAA8B7A1E9BB78B00A47E5A /* MultipleInstance-Example.app */,
			);
			name = Products;
			sourceTree = "<group>";
		};
		1A42C28B1C0E3882000F2137 /* Example */ = {
			isa = PBXGroup;
			children = (
				1A42C28C1C0E3882000F2137 /* AppDelegate.swift */,
				1A42C28E1C0E3882000F2137 /* ViewController.swift */,
				1A42C2901C0E3883000F2137 /* Main.storyboard */,
				1A42C2981C0E3883000F2137 /* Info.plist */,
				1A42C2A01C0E3A8D000F2137 /* LaunchScreen.storyboard */,
			);
			path = Example;
			sourceTree = "<group>";
		};
		3A8E86F11E9F80CB00CD844C /* CodeExample */ = {
			isa = PBXGroup;
			children = (
				3A8E86F21E9F80CB00CD844C /* CodeExampleViewController.swift */,
			);
			path = CodeExample;
			sourceTree = "<group>";
		};
		3A8E86F31E9F80CB00CD844C /* StoryboardExample */ = {
			isa = PBXGroup;
			children = (
				3A8E86F41E9F80CB00CD844C /* BaseExampleFolioReaderContainer.swift */,
				3A8E86F51E9F80CB00CD844C /* BookOneExampleFolioReaderContainer.swift */,
				3A8E86F61E9F80CB00CD844C /* BookTwoExampleFolioReaderContainer.swift */,
			);
			path = StoryboardExample;
			sourceTree = "<group>";
		};
		3AAA8B7D1E9BB8B700A47E5A /* Storyboard-Example */ = {
			isa = PBXGroup;
			children = (
				3AAA8B7E1E9BB8B700A47E5A /* AppDelegate.swift */,
				3AAA8B841E9BB8B700A47E5A /* ExampleFolioReaderContainer.swift */,
				3AAA8B801E9BB8B700A47E5A /* LaunchScreen.storyboard */,
				3AAA8B821E9BB8B700A47E5A /* Main.storyboard */,
				3AAA8B851E9BB8B700A47E5A /* Info.plist */,
			);
			path = "Storyboard-Example";
			sourceTree = "<group>";
		};
		3AAA8B8C1E9BB8CD00A47E5A /* MultipleInstances-Example */ = {
			isa = PBXGroup;
			children = (
				3AAA8B8D1E9BB8CD00A47E5A /* AppDelegate.swift */,
				3A8E86F11E9F80CB00CD844C /* CodeExample */,
				3A8E86F31E9F80CB00CD844C /* StoryboardExample */,
				3AAA8B8F1E9BB8CD00A47E5A /* LaunchScreen.storyboard */,
				3AAA8B911E9BB8CD00A47E5A /* Main.storyboard */,
				3AAA8B941E9BB8CD00A47E5A /* Info.plist */,
			);
			path = "MultipleInstances-Example";
			sourceTree = "<group>";
		};
		3AAA8B9B1E9BB94B00A47E5A /* Shared */ = {
			isa = PBXGroup;
			children = (
				3AAA8B9C1E9BB94B00A47E5A /* Assets.xcassets */,
				3AAA8B9D1E9BB94B00A47E5A /* Sample eBooks */,
				751F8CF51ECD20110050A2CF /* Epub.swift */,
			);
			path = Shared;
			sourceTree = "<group>";
		};
		3AAA8B9D1E9BB94B00A47E5A /* Sample eBooks */ = {
			isa = PBXGroup;
			children = (
				3AAA8B9E1E9BB94B00A47E5A /* The Adventures Of Sherlock Holmes - Adventure I.epub */,
				3AAA8B9F1E9BB94B00A47E5A /* The Silver Chair.epub */,
			);
			path = "Sample eBooks";
			sourceTree = "<group>";
		};
		4FAF8E8BF5565FFE2E47F8F7 /* Pods */ = {
			isa = PBXGroup;
			children = (
				5C8EADB52E1D834750CD7D23 /* Pods-Example.debug.xcconfig */,
				F4CBB0C2C0FDFA3E1648DB43 /* Pods-Example.release.xcconfig */,
				3CE90B4095B5C7E6237EEBDD /* Pods-FolioReaderTests.debug.xcconfig */,
				8E1BE6465444C567F5D1B8E6 /* Pods-FolioReaderTests.release.xcconfig */,
				D7C82C879F323C6E960F882B /* Pods-StoryboardExample.debug.xcconfig */,
				1D4790507F22E69298DC06E1 /* Pods-StoryboardExample.release.xcconfig */,
				054F92EA4A92E2C8F69C82E1 /* Pods-MultipleInstance-Example.debug.xcconfig */,
				C4F8C36D75B15390CDB07BF1 /* Pods-MultipleInstance-Example.release.xcconfig */,
				751CA93A8AFDADE43FB75F6B /* Pods-Storyboard-Example.debug.xcconfig */,
				C860A0C690322C01443DBA0C /* Pods-Storyboard-Example.release.xcconfig */,
			);
			name = Pods;
			sourceTree = "<group>";
		};
		CA10C1321C572A4B0049165D /* FolioReaderTests */ = {
			isa = PBXGroup;
			children = (
				CA10C1331C572A4B0049165D /* FolioReaderTests.swift */,
				CAF233281C57E1F400CB930C /* SharingProviderTests.swift */,
				CA10C1351C572A4B0049165D /* Info.plist */,
			);
			path = FolioReaderTests;
			sourceTree = "<group>";
		};
		D394FAB8B11D7C692E7BE00D /* Frameworks */ = {
			isa = PBXGroup;
			children = (
				6E3C4A3E1C3C6708009CBC8C /* MediaPlayer.framework */,
				0D6C7FEDB0C1CA1F769F87ED /* Pods_Example.framework */,
				27131F41E20F15F72AAF7176 /* Pods_FolioReaderTests.framework */,
				318E62E766AB854BE290FB53 /* Pods_StoryboardExample.framework */,
				843E2EEC2F784021400961A9 /* Pods_MultipleInstance_Example.framework */,
				44C24A346E8730FB52DC197B /* Pods_Storyboard_Example.framework */,
			);
			name = Frameworks;
			sourceTree = "<group>";
		};
/* End PBXGroup section */

/* Begin PBXNativeTarget section */
		1A42C2881C0E3882000F2137 /* Example */ = {
			isa = PBXNativeTarget;
			buildConfigurationList = 1A42C29B1C0E3883000F2137 /* Build configuration list for PBXNativeTarget "Example" */;
			buildPhases = (
				E8C32EEE8DF6A549273237C6 /* [CP] Check Pods Manifest.lock */,
				1A42C2851C0E3882000F2137 /* Sources */,
				1A42C2861C0E3882000F2137 /* Frameworks */,
				1A42C2871C0E3882000F2137 /* Resources */,
				4521900C899CED51BB10949C /* [CP] Embed Pods Frameworks */,
			);
			buildRules = (
			);
			dependencies = (
			);
			name = Example;
			productName = Example;
			productReference = 1A42C2891C0E3882000F2137 /* Example.app */;
			productType = "com.apple.product-type.application";
		};
		3AAA8B671E9BB78B00A47E5A /* MultipleInstance-Example */ = {
			isa = PBXNativeTarget;
			buildConfigurationList = 3AAA8B771E9BB78B00A47E5A /* Build configuration list for PBXNativeTarget "MultipleInstance-Example" */;
			buildPhases = (
				3AAA8B681E9BB78B00A47E5A /* [CP] Check Pods Manifest.lock */,
				3AAA8B691E9BB78B00A47E5A /* Sources */,
				3AAA8B6C1E9BB78B00A47E5A /* Frameworks */,
				3AAA8B6E1E9BB78B00A47E5A /* Resources */,
				3AAA8B751E9BB78B00A47E5A /* [CP] Embed Pods Frameworks */,
			);
			buildRules = (
			);
			dependencies = (
			);
			name = "MultipleInstance-Example";
			productName = StoryboardExample;
			productReference = 3AAA8B7A1E9BB78B00A47E5A /* MultipleInstance-Example.app */;
			productType = "com.apple.product-type.application";
		};
		CA10C1301C572A4B0049165D /* FolioReaderTests */ = {
			isa = PBXNativeTarget;
			buildConfigurationList = CA10C1381C572A4B0049165D /* Build configuration list for PBXNativeTarget "FolioReaderTests" */;
			buildPhases = (
				0642B6A6EF0631B5697FC382 /* [CP] Check Pods Manifest.lock */,
				1D8126CC73301F2413345444 /* [CP] Check Pods Manifest.lock */,
				CA10C12D1C572A4B0049165D /* Sources */,
				CA10C12E1C572A4B0049165D /* Frameworks */,
				CA10C12F1C572A4B0049165D /* Resources */,
				C1392FF51E4FD15EBB5AA8DD /* [CP] Embed Pods Frameworks */,
				E82F486563C1547E0775A59F /* 📦 Embed Pods Frameworks */,
			);
			buildRules = (
			);
			dependencies = (
				CA10C1371C572A4B0049165D /* PBXTargetDependency */,
			);
			name = FolioReaderTests;
			productName = FolioReaderTests;
			productReference = CA10C1311C572A4B0049165D /* FolioReaderTests.xctest */;
			productType = "com.apple.product-type.bundle.unit-test";
		};
		D12066621D65FABD006E1D18 /* Storyboard-Example */ = {
			isa = PBXNativeTarget;
			buildConfigurationList = D12066741D65FABE006E1D18 /* Build configuration list for PBXNativeTarget "Storyboard-Example" */;
			buildPhases = (
				244846C72E9B5C5622D08585 /* [CP] Check Pods Manifest.lock */,
				D120665F1D65FABD006E1D18 /* Sources */,
				D12066601D65FABD006E1D18 /* Frameworks */,
				D12066611D65FABD006E1D18 /* Resources */,
				ACD2A7368ACAFB17422DAA7F /* [CP] Embed Pods Frameworks */,
			);
			buildRules = (
			);
			dependencies = (
			);
			name = "Storyboard-Example";
			productName = StoryboardExample;
			productReference = D12066631D65FABD006E1D18 /* Storyboard-Example.app */;
			productType = "com.apple.product-type.application";
		};
/* End PBXNativeTarget section */

/* Begin PBXProject section */
		1A42C2811C0E3882000F2137 /* Project object */ = {
			isa = PBXProject;
			attributes = {
				LastSwiftUpdateCheck = 0730;
				LastUpgradeCheck = 1010;
				ORGANIZATIONNAME = FolioReader;
				TargetAttributes = {
					1A42C2881C0E3882000F2137 = {
						CreatedOnToolsVersion = 7.1.1;
						DevelopmentTeam = 32F2T8EJ6G;
						LastSwiftMigration = 1010;
						ProvisioningStyle = Automatic;
						SystemCapabilities = {
							com.apple.BackgroundModes = {
								enabled = 1;
							};
						};
					};
					3AAA8B671E9BB78B00A47E5A = {
						DevelopmentTeam = 99AHAA343Q;
						ProvisioningStyle = Automatic;
					};
					CA10C1301C572A4B0049165D = {
						CreatedOnToolsVersion = 7.3;
						DevelopmentTeam = 99AHAA343Q;
						LastSwiftMigration = 1010;
						ProvisioningStyle = Automatic;
						TestTargetID = 1A42C2881C0E3882000F2137;
					};
					D12066621D65FABD006E1D18 = {
						CreatedOnToolsVersion = 7.3.1;
						DevelopmentTeam = 99AHAA343Q;
						ProvisioningStyle = Automatic;
					};
				};
			};
			buildConfigurationList = 1A42C2841C0E3882000F2137 /* Build configuration list for PBXProject "Example" */;
			compatibilityVersion = "Xcode 3.2";
			developmentRegion = English;
			hasScannedForEncodings = 0;
			knownRegions = (
				English,
				en,
				Base,
			);
			mainGroup = 1A42C2801C0E3882000F2137;
			productRefGroup = 1A42C28A1C0E3882000F2137 /* Products */;
			projectDirPath = "";
			projectRoot = "";
			targets = (
				1A42C2881C0E3882000F2137 /* Example */,
				D12066621D65FABD006E1D18 /* Storyboard-Example */,
				3AAA8B671E9BB78B00A47E5A /* MultipleInstance-Example */,
				CA10C1301C572A4B0049165D /* FolioReaderTests */,
			);
		};
/* End PBXProject section */

/* Begin PBXResourcesBuildPhase section */
		1A42C2871C0E3882000F2137 /* Resources */ = {
			isa = PBXResourcesBuildPhase;
			buildActionMask = 2147483647;
			files = (
				1A42C2A21C0E3A8D000F2137 /* LaunchScreen.storyboard in Resources */,
				3AAA8BA31E9BB94B00A47E5A /* The Adventures Of Sherlock Holmes - Adventure I.epub in Resources */,
				3AAA8BA61E9BB94B00A47E5A /* The Silver Chair.epub in Resources */,
				3AAA8BA01E9BB94B00A47E5A /* Assets.xcassets in Resources */,
				1A42C2921C0E3883000F2137 /* Main.storyboard in Resources */,
			);
			runOnlyForDeploymentPostprocessing = 0;
		};
		3AAA8B6E1E9BB78B00A47E5A /* Resources */ = {
			isa = PBXResourcesBuildPhase;
			buildActionMask = 2147483647;
			files = (
				3AAA8BA51E9BB94B00A47E5A /* The Adventures Of Sherlock Holmes - Adventure I.epub in Resources */,
				3AAA8B981E9BB8CD00A47E5A /* Main.storyboard in Resources */,
				3AAA8B971E9BB8CD00A47E5A /* LaunchScreen.storyboard in Resources */,
				3AAA8BA81E9BB94B00A47E5A /* The Silver Chair.epub in Resources */,
				3AAA8BA21E9BB94B00A47E5A /* Assets.xcassets in Resources */,
			);
			runOnlyForDeploymentPostprocessing = 0;
		};
		CA10C12F1C572A4B0049165D /* Resources */ = {
			isa = PBXResourcesBuildPhase;
			buildActionMask = 2147483647;
			files = (
			);
			runOnlyForDeploymentPostprocessing = 0;
		};
		D12066611D65FABD006E1D18 /* Resources */ = {
			isa = PBXResourcesBuildPhase;
			buildActionMask = 2147483647;
			files = (
				3AAA8BA41E9BB94B00A47E5A /* The Adventures Of Sherlock Holmes - Adventure I.epub in Resources */,
				3AAA8B881E9BB8B700A47E5A /* LaunchScreen.storyboard in Resources */,
				3AAA8B891E9BB8B700A47E5A /* Main.storyboard in Resources */,
				3AAA8BA71E9BB94B00A47E5A /* The Silver Chair.epub in Resources */,
				3AAA8BA11E9BB94B00A47E5A /* Assets.xcassets in Resources */,
			);
			runOnlyForDeploymentPostprocessing = 0;
		};
/* End PBXResourcesBuildPhase section */

/* Begin PBXShellScriptBuildPhase section */
		0642B6A6EF0631B5697FC382 /* [CP] Check Pods Manifest.lock */ = {
			isa = PBXShellScriptBuildPhase;
			buildActionMask = 2147483647;
			files = (
			);
			inputPaths = (
				"${PODS_PODFILE_DIR_PATH}/Podfile.lock",
				"${PODS_ROOT}/Manifest.lock",
			);
			name = "[CP] Check Pods Manifest.lock";
			outputPaths = (
				"$(DERIVED_FILE_DIR)/Pods-FolioReaderTests-checkManifestLockResult.txt",
			);
			runOnlyForDeploymentPostprocessing = 0;
			shellPath = /bin/sh;
			shellScript = "diff \"${PODS_PODFILE_DIR_PATH}/Podfile.lock\" \"${PODS_ROOT}/Manifest.lock\" > /dev/null\nif [ $? != 0 ] ; then\n    # print error to STDERR\n    echo \"error: The sandbox is not in sync with the Podfile.lock. Run 'pod install' or update your CocoaPods installation.\" >&2\n    exit 1\nfi\n# This output is used by Xcode 'outputs' to avoid re-running this script phase.\necho \"SUCCESS\" > \"${SCRIPT_OUTPUT_FILE_0}\"\n";
			showEnvVarsInLog = 0;
		};
		1D8126CC73301F2413345444 /* [CP] Check Pods Manifest.lock */ = {
			isa = PBXShellScriptBuildPhase;
			buildActionMask = 2147483647;
			files = (
			);
			inputPaths = (
			);
			name = "[CP] Check Pods Manifest.lock";
			outputPaths = (
			);
			runOnlyForDeploymentPostprocessing = 0;
			shellPath = /bin/sh;
			shellScript = "diff \"${PODS_ROOT}/../Podfile.lock\" \"${PODS_ROOT}/Manifest.lock\" > /dev/null\nif [[ $? != 0 ]] ; then\n    cat << EOM\nerror: The sandbox is not in sync with the Podfile.lock. Run 'pod install' or update your CocoaPods installation.\nEOM\n    exit 1\nfi\n";
			showEnvVarsInLog = 0;
		};
		244846C72E9B5C5622D08585 /* [CP] Check Pods Manifest.lock */ = {
			isa = PBXShellScriptBuildPhase;
			buildActionMask = 2147483647;
			files = (
			);
			inputPaths = (
				"${PODS_PODFILE_DIR_PATH}/Podfile.lock",
				"${PODS_ROOT}/Manifest.lock",
			);
			name = "[CP] Check Pods Manifest.lock";
			outputPaths = (
				"$(DERIVED_FILE_DIR)/Pods-Storyboard-Example-checkManifestLockResult.txt",
			);
			runOnlyForDeploymentPostprocessing = 0;
			shellPath = /bin/sh;
			shellScript = "diff \"${PODS_PODFILE_DIR_PATH}/Podfile.lock\" \"${PODS_ROOT}/Manifest.lock\" > /dev/null\nif [ $? != 0 ] ; then\n    # print error to STDERR\n    echo \"error: The sandbox is not in sync with the Podfile.lock. Run 'pod install' or update your CocoaPods installation.\" >&2\n    exit 1\nfi\n# This output is used by Xcode 'outputs' to avoid re-running this script phase.\necho \"SUCCESS\" > \"${SCRIPT_OUTPUT_FILE_0}\"\n";
			showEnvVarsInLog = 0;
		};
		3AAA8B681E9BB78B00A47E5A /* [CP] Check Pods Manifest.lock */ = {
			isa = PBXShellScriptBuildPhase;
			buildActionMask = 2147483647;
			files = (
			);
			inputPaths = (
				"${PODS_PODFILE_DIR_PATH}/Podfile.lock",
				"${PODS_ROOT}/Manifest.lock",
			);
			name = "[CP] Check Pods Manifest.lock";
			outputPaths = (
				"$(DERIVED_FILE_DIR)/Pods-MultipleInstance-Example-checkManifestLockResult.txt",
			);
			runOnlyForDeploymentPostprocessing = 0;
			shellPath = /bin/sh;
			shellScript = "diff \"${PODS_PODFILE_DIR_PATH}/Podfile.lock\" \"${PODS_ROOT}/Manifest.lock\" > /dev/null\nif [ $? != 0 ] ; then\n    # print error to STDERR\n    echo \"error: The sandbox is not in sync with the Podfile.lock. Run 'pod install' or update your CocoaPods installation.\" >&2\n    exit 1\nfi\n# This output is used by Xcode 'outputs' to avoid re-running this script phase.\necho \"SUCCESS\" > \"${SCRIPT_OUTPUT_FILE_0}\"\n";
			showEnvVarsInLog = 0;
		};
		3AAA8B751E9BB78B00A47E5A /* [CP] Embed Pods Frameworks */ = {
			isa = PBXShellScriptBuildPhase;
			buildActionMask = 2147483647;
			files = (
			);
			inputPaths = (
				"${PODS_ROOT}/Target Support Files/Pods-MultipleInstance-Example/Pods-MultipleInstance-Example-frameworks.sh",
				"${BUILT_PRODUCTS_DIR}/AEXML/AEXML.framework",
				"${BUILT_PRODUCTS_DIR}/FolioReaderKit/FolioReaderKit.framework",
				"${BUILT_PRODUCTS_DIR}/FontBlaster/FontBlaster.framework",
				"${BUILT_PRODUCTS_DIR}/MenuItemKit/MenuItemKit.framework",
				"${BUILT_PRODUCTS_DIR}/Zip/Zip.framework",
			);
			name = "[CP] Embed Pods Frameworks";
			outputPaths = (
				"${TARGET_BUILD_DIR}/${FRAMEWORKS_FOLDER_PATH}/AEXML.framework",
				"${TARGET_BUILD_DIR}/${FRAMEWORKS_FOLDER_PATH}/FolioReaderKit.framework",
				"${TARGET_BUILD_DIR}/${FRAMEWORKS_FOLDER_PATH}/FontBlaster.framework",
				"${TARGET_BUILD_DIR}/${FRAMEWORKS_FOLDER_PATH}/MenuItemKit.framework",
				"${TARGET_BUILD_DIR}/${FRAMEWORKS_FOLDER_PATH}/Zip.framework",
			);
			runOnlyForDeploymentPostprocessing = 0;
			shellPath = /bin/sh;
			shellScript = "\"${PODS_ROOT}/Target Support Files/Pods-MultipleInstance-Example/Pods-MultipleInstance-Example-frameworks.sh\"\n";
			showEnvVarsInLog = 0;
		};
		4521900C899CED51BB10949C /* [CP] Embed Pods Frameworks */ = {
			isa = PBXShellScriptBuildPhase;
			buildActionMask = 2147483647;
			files = (
			);
			inputPaths = (
				"${PODS_ROOT}/Target Support Files/Pods-Example/Pods-Example-frameworks.sh",
				"${BUILT_PRODUCTS_DIR}/AEXML/AEXML.framework",
				"${BUILT_PRODUCTS_DIR}/FolioReaderKit/FolioReaderKit.framework",
				"${BUILT_PRODUCTS_DIR}/FontBlaster/FontBlaster.framework",
				"${BUILT_PRODUCTS_DIR}/MenuItemKit/MenuItemKit.framework",
				"${BUILT_PRODUCTS_DIR}/Zip/Zip.framework",
			);
			name = "[CP] Embed Pods Frameworks";
			outputPaths = (
				"${TARGET_BUILD_DIR}/${FRAMEWORKS_FOLDER_PATH}/AEXML.framework",
				"${TARGET_BUILD_DIR}/${FRAMEWORKS_FOLDER_PATH}/FolioReaderKit.framework",
				"${TARGET_BUILD_DIR}/${FRAMEWORKS_FOLDER_PATH}/FontBlaster.framework",
				"${TARGET_BUILD_DIR}/${FRAMEWORKS_FOLDER_PATH}/MenuItemKit.framework",
				"${TARGET_BUILD_DIR}/${FRAMEWORKS_FOLDER_PATH}/Zip.framework",
			);
			runOnlyForDeploymentPostprocessing = 0;
			shellPath = /bin/sh;
			shellScript = "\"${PODS_ROOT}/Target Support Files/Pods-Example/Pods-Example-frameworks.sh\"\n";
			showEnvVarsInLog = 0;
		};
		ACD2A7368ACAFB17422DAA7F /* [CP] Embed Pods Frameworks */ = {
			isa = PBXShellScriptBuildPhase;
			buildActionMask = 2147483647;
			files = (
			);
			inputPaths = (
				"${PODS_ROOT}/Target Support Files/Pods-Storyboard-Example/Pods-Storyboard-Example-frameworks.sh",
				"${BUILT_PRODUCTS_DIR}/AEXML/AEXML.framework",
				"${BUILT_PRODUCTS_DIR}/FolioReaderKit/FolioReaderKit.framework",
				"${BUILT_PRODUCTS_DIR}/FontBlaster/FontBlaster.framework",
				"${BUILT_PRODUCTS_DIR}/MenuItemKit/MenuItemKit.framework",
				"${BUILT_PRODUCTS_DIR}/Zip/Zip.framework",
			);
			name = "[CP] Embed Pods Frameworks";
			outputPaths = (
				"${TARGET_BUILD_DIR}/${FRAMEWORKS_FOLDER_PATH}/AEXML.framework",
				"${TARGET_BUILD_DIR}/${FRAMEWORKS_FOLDER_PATH}/FolioReaderKit.framework",
				"${TARGET_BUILD_DIR}/${FRAMEWORKS_FOLDER_PATH}/FontBlaster.framework",
				"${TARGET_BUILD_DIR}/${FRAMEWORKS_FOLDER_PATH}/MenuItemKit.framework",
				"${TARGET_BUILD_DIR}/${FRAMEWORKS_FOLDER_PATH}/Zip.framework",
			);
			runOnlyForDeploymentPostprocessing = 0;
			shellPath = /bin/sh;
			shellScript = "\"${PODS_ROOT}/Target Support Files/Pods-Storyboard-Example/Pods-Storyboard-Example-frameworks.sh\"\n";
			showEnvVarsInLog = 0;
		};
		C1392FF51E4FD15EBB5AA8DD /* [CP] Embed Pods Frameworks */ = {
			isa = PBXShellScriptBuildPhase;
			buildActionMask = 2147483647;
			files = (
			);
			inputPaths = (
				"${PODS_ROOT}/Target Support Files/Pods-FolioReaderTests/Pods-FolioReaderTests-frameworks.sh",
				"${BUILT_PRODUCTS_DIR}/AEXML/AEXML.framework",
				"${BUILT_PRODUCTS_DIR}/FolioReaderKit/FolioReaderKit.framework",
				"${BUILT_PRODUCTS_DIR}/FontBlaster/FontBlaster.framework",
				"${BUILT_PRODUCTS_DIR}/MenuItemKit/MenuItemKit.framework",
				"${BUILT_PRODUCTS_DIR}/Zip/Zip.framework",
				"${BUILT_PRODUCTS_DIR}/Nimble/Nimble.framework",
				"${BUILT_PRODUCTS_DIR}/Quick/Quick.framework",
			);
			name = "[CP] Embed Pods Frameworks";
			outputPaths = (
				"${TARGET_BUILD_DIR}/${FRAMEWORKS_FOLDER_PATH}/AEXML.framework",
				"${TARGET_BUILD_DIR}/${FRAMEWORKS_FOLDER_PATH}/FolioReaderKit.framework",
				"${TARGET_BUILD_DIR}/${FRAMEWORKS_FOLDER_PATH}/FontBlaster.framework",
				"${TARGET_BUILD_DIR}/${FRAMEWORKS_FOLDER_PATH}/MenuItemKit.framework",
				"${TARGET_BUILD_DIR}/${FRAMEWORKS_FOLDER_PATH}/Zip.framework",
				"${TARGET_BUILD_DIR}/${FRAMEWORKS_FOLDER_PATH}/Nimble.framework",
				"${TARGET_BUILD_DIR}/${FRAMEWORKS_FOLDER_PATH}/Quick.framework",
			);
			runOnlyForDeploymentPostprocessing = 0;
			shellPath = /bin/sh;
			shellScript = "\"${PODS_ROOT}/Target Support Files/Pods-FolioReaderTests/Pods-FolioReaderTests-frameworks.sh\"\n";
			showEnvVarsInLog = 0;
		};
		E82F486563C1547E0775A59F /* 📦 Embed Pods Frameworks */ = {
			isa = PBXShellScriptBuildPhase;
			buildActionMask = 2147483647;
			files = (
			);
			inputPaths = (
			);
			name = "📦 Embed Pods Frameworks";
			outputPaths = (
			);
			runOnlyForDeploymentPostprocessing = 0;
			shellPath = /bin/sh;
			shellScript = "\"${SRCROOT}/Pods/Target Support Files/Pods-FolioReaderTests/Pods-FolioReaderTests-frameworks.sh\"\n";
			showEnvVarsInLog = 0;
		};
		E8C32EEE8DF6A549273237C6 /* [CP] Check Pods Manifest.lock */ = {
			isa = PBXShellScriptBuildPhase;
			buildActionMask = 2147483647;
			files = (
			);
			inputPaths = (
				"${PODS_PODFILE_DIR_PATH}/Podfile.lock",
				"${PODS_ROOT}/Manifest.lock",
			);
			name = "[CP] Check Pods Manifest.lock";
			outputPaths = (
				"$(DERIVED_FILE_DIR)/Pods-Example-checkManifestLockResult.txt",
			);
			runOnlyForDeploymentPostprocessing = 0;
			shellPath = /bin/sh;
			shellScript = "diff \"${PODS_PODFILE_DIR_PATH}/Podfile.lock\" \"${PODS_ROOT}/Manifest.lock\" > /dev/null\nif [ $? != 0 ] ; then\n    # print error to STDERR\n    echo \"error: The sandbox is not in sync with the Podfile.lock. Run 'pod install' or update your CocoaPods installation.\" >&2\n    exit 1\nfi\n# This output is used by Xcode 'outputs' to avoid re-running this script phase.\necho \"SUCCESS\" > \"${SCRIPT_OUTPUT_FILE_0}\"\n";
			showEnvVarsInLog = 0;
		};
/* End PBXShellScriptBuildPhase section */

/* Begin PBXSourcesBuildPhase section */
		1A42C2851C0E3882000F2137 /* Sources */ = {
			isa = PBXSourcesBuildPhase;
			buildActionMask = 2147483647;
			files = (
				751F8CF61ECD20110050A2CF /* Epub.swift in Sources */,
				1A42C28F1C0E3882000F2137 /* ViewController.swift in Sources */,
				1A42C28D1C0E3882000F2137 /* AppDelegate.swift in Sources */,
			);
			runOnlyForDeploymentPostprocessing = 0;
		};
		3AAA8B691E9BB78B00A47E5A /* Sources */ = {
			isa = PBXSourcesBuildPhase;
			buildActionMask = 2147483647;
			files = (
				3A8E86F81E9F80CB00CD844C /* BaseExampleFolioReaderContainer.swift in Sources */,
				3A8E86FA1E9F80CB00CD844C /* BookTwoExampleFolioReaderContainer.swift in Sources */,
				3AAA8B951E9BB8CD00A47E5A /* AppDelegate.swift in Sources */,
				751F8CF81ECD20110050A2CF /* Epub.swift in Sources */,
				3A8E86F91E9F80CB00CD844C /* BookOneExampleFolioReaderContainer.swift in Sources */,
				3A8E86F71E9F80CB00CD844C /* CodeExampleViewController.swift in Sources */,
			);
			runOnlyForDeploymentPostprocessing = 0;
		};
		CA10C12D1C572A4B0049165D /* Sources */ = {
			isa = PBXSourcesBuildPhase;
			buildActionMask = 2147483647;
			files = (
				CA10C1341C572A4B0049165D /* FolioReaderTests.swift in Sources */,
				CAF233291C57E1F400CB930C /* SharingProviderTests.swift in Sources */,
			);
			runOnlyForDeploymentPostprocessing = 0;
		};
		D120665F1D65FABD006E1D18 /* Sources */ = {
			isa = PBXSourcesBuildPhase;
			buildActionMask = 2147483647;
			files = (
				751F8CF71ECD20110050A2CF /* Epub.swift in Sources */,
				3AAA8B861E9BB8B700A47E5A /* AppDelegate.swift in Sources */,
				3AAA8B8A1E9BB8B700A47E5A /* ExampleFolioReaderContainer.swift in Sources */,
			);
			runOnlyForDeploymentPostprocessing = 0;
		};
/* End PBXSourcesBuildPhase section */

/* Begin PBXTargetDependency section */
		CA10C1371C572A4B0049165D /* PBXTargetDependency */ = {
			isa = PBXTargetDependency;
			target = 1A42C2881C0E3882000F2137 /* Example */;
			targetProxy = CA10C1361C572A4B0049165D /* PBXContainerItemProxy */;
		};
/* End PBXTargetDependency section */

/* Begin PBXVariantGroup section */
		1A42C2901C0E3883000F2137 /* Main.storyboard */ = {
			isa = PBXVariantGroup;
			children = (
				1A42C2911C0E3883000F2137 /* Base */,
			);
			name = Main.storyboard;
			sourceTree = "<group>";
		};
		1A42C2A01C0E3A8D000F2137 /* LaunchScreen.storyboard */ = {
			isa = PBXVariantGroup;
			children = (
				1A42C2A11C0E3A8D000F2137 /* Base */,
			);
			name = LaunchScreen.storyboard;
			sourceTree = "<group>";
		};
		3AAA8B801E9BB8B700A47E5A /* LaunchScreen.storyboard */ = {
			isa = PBXVariantGroup;
			children = (
				3AAA8B811E9BB8B700A47E5A /* Base */,
			);
			name = LaunchScreen.storyboard;
			sourceTree = "<group>";
		};
		3AAA8B821E9BB8B700A47E5A /* Main.storyboard */ = {
			isa = PBXVariantGroup;
			children = (
				3AAA8B831E9BB8B700A47E5A /* Base */,
			);
			name = Main.storyboard;
			sourceTree = "<group>";
		};
		3AAA8B8F1E9BB8CD00A47E5A /* LaunchScreen.storyboard */ = {
			isa = PBXVariantGroup;
			children = (
				3AAA8B901E9BB8CD00A47E5A /* Base */,
			);
			name = LaunchScreen.storyboard;
			sourceTree = "<group>";
		};
		3AAA8B911E9BB8CD00A47E5A /* Main.storyboard */ = {
			isa = PBXVariantGroup;
			children = (
				3AAA8B921E9BB8CD00A47E5A /* Base */,
			);
			name = Main.storyboard;
			sourceTree = "<group>";
		};
/* End PBXVariantGroup section */

/* Begin XCBuildConfiguration section */
		1A42C2991C0E3883000F2137 /* Debug */ = {
			isa = XCBuildConfiguration;
			buildSettings = {
				ALWAYS_SEARCH_USER_PATHS = NO;
				CLANG_CXX_LANGUAGE_STANDARD = "gnu++0x";
				CLANG_CXX_LIBRARY = "libc++";
				CLANG_ENABLE_MODULES = YES;
				CLANG_ENABLE_OBJC_ARC = YES;
				CLANG_WARN_BLOCK_CAPTURE_AUTORELEASING = YES;
				CLANG_WARN_BOOL_CONVERSION = YES;
				CLANG_WARN_COMMA = YES;
				CLANG_WARN_CONSTANT_CONVERSION = YES;
				CLANG_WARN_DEPRECATED_OBJC_IMPLEMENTATIONS = YES;
				CLANG_WARN_DIRECT_OBJC_ISA_USAGE = YES_ERROR;
				CLANG_WARN_EMPTY_BODY = YES;
				CLANG_WARN_ENUM_CONVERSION = YES;
				CLANG_WARN_INFINITE_RECURSION = YES;
				CLANG_WARN_INT_CONVERSION = YES;
				CLANG_WARN_NON_LITERAL_NULL_CONVERSION = YES;
				CLANG_WARN_OBJC_IMPLICIT_RETAIN_SELF = YES;
				CLANG_WARN_OBJC_LITERAL_CONVERSION = YES;
				CLANG_WARN_OBJC_ROOT_CLASS = YES_ERROR;
				CLANG_WARN_RANGE_LOOP_ANALYSIS = YES;
				CLANG_WARN_STRICT_PROTOTYPES = YES;
				CLANG_WARN_SUSPICIOUS_MOVE = YES;
				CLANG_WARN_UNREACHABLE_CODE = YES;
				CLANG_WARN__DUPLICATE_METHOD_MATCH = YES;
				"CODE_SIGN_IDENTITY[sdk=iphoneos*]" = "iPhone Developer";
				COPY_PHASE_STRIP = NO;
				DEBUG_INFORMATION_FORMAT = dwarf;
				ENABLE_STRICT_OBJC_MSGSEND = YES;
				ENABLE_TESTABILITY = YES;
				GCC_C_LANGUAGE_STANDARD = gnu99;
				GCC_DYNAMIC_NO_PIC = NO;
				GCC_NO_COMMON_BLOCKS = YES;
				GCC_OPTIMIZATION_LEVEL = 0;
				GCC_PREPROCESSOR_DEFINITIONS = (
					"DEBUG=1",
					"$(inherited)",
				);
				GCC_WARN_64_TO_32_BIT_CONVERSION = YES;
				GCC_WARN_ABOUT_RETURN_TYPE = YES_ERROR;
				GCC_WARN_UNDECLARED_SELECTOR = YES;
				GCC_WARN_UNINITIALIZED_AUTOS = YES_AGGRESSIVE;
				GCC_WARN_UNUSED_FUNCTION = YES;
				GCC_WARN_UNUSED_VARIABLE = YES;
				IPHONEOS_DEPLOYMENT_TARGET = 11.4;
				MTL_ENABLE_DEBUG_INFO = YES;
				ONLY_ACTIVE_ARCH = YES;
				SDKROOT = iphoneos;
				SWIFT_OPTIMIZATION_LEVEL = "-Onone";
				SWIFT_VERSION = 4.2;
				TARGETED_DEVICE_FAMILY = "1,2";
			};
			name = Debug;
		};
		1A42C29A1C0E3883000F2137 /* Release */ = {
			isa = XCBuildConfiguration;
			buildSettings = {
				ALWAYS_SEARCH_USER_PATHS = NO;
				CLANG_CXX_LANGUAGE_STANDARD = "gnu++0x";
				CLANG_CXX_LIBRARY = "libc++";
				CLANG_ENABLE_MODULES = YES;
				CLANG_ENABLE_OBJC_ARC = YES;
				CLANG_WARN_BLOCK_CAPTURE_AUTORELEASING = YES;
				CLANG_WARN_BOOL_CONVERSION = YES;
				CLANG_WARN_COMMA = YES;
				CLANG_WARN_CONSTANT_CONVERSION = YES;
				CLANG_WARN_DEPRECATED_OBJC_IMPLEMENTATIONS = YES;
				CLANG_WARN_DIRECT_OBJC_ISA_USAGE = YES_ERROR;
				CLANG_WARN_EMPTY_BODY = YES;
				CLANG_WARN_ENUM_CONVERSION = YES;
				CLANG_WARN_INFINITE_RECURSION = YES;
				CLANG_WARN_INT_CONVERSION = YES;
				CLANG_WARN_NON_LITERAL_NULL_CONVERSION = YES;
				CLANG_WARN_OBJC_IMPLICIT_RETAIN_SELF = YES;
				CLANG_WARN_OBJC_LITERAL_CONVERSION = YES;
				CLANG_WARN_OBJC_ROOT_CLASS = YES_ERROR;
				CLANG_WARN_RANGE_LOOP_ANALYSIS = YES;
				CLANG_WARN_STRICT_PROTOTYPES = YES;
				CLANG_WARN_SUSPICIOUS_MOVE = YES;
				CLANG_WARN_UNREACHABLE_CODE = YES;
				CLANG_WARN__DUPLICATE_METHOD_MATCH = YES;
				"CODE_SIGN_IDENTITY[sdk=iphoneos*]" = "iPhone Developer";
				COPY_PHASE_STRIP = NO;
				DEBUG_INFORMATION_FORMAT = "dwarf-with-dsym";
				ENABLE_NS_ASSERTIONS = NO;
				ENABLE_STRICT_OBJC_MSGSEND = YES;
				GCC_C_LANGUAGE_STANDARD = gnu99;
				GCC_NO_COMMON_BLOCKS = YES;
				GCC_WARN_64_TO_32_BIT_CONVERSION = YES;
				GCC_WARN_ABOUT_RETURN_TYPE = YES_ERROR;
				GCC_WARN_UNDECLARED_SELECTOR = YES;
				GCC_WARN_UNINITIALIZED_AUTOS = YES_AGGRESSIVE;
				GCC_WARN_UNUSED_FUNCTION = YES;
				GCC_WARN_UNUSED_VARIABLE = YES;
				IPHONEOS_DEPLOYMENT_TARGET = 11.4;
				MTL_ENABLE_DEBUG_INFO = NO;
				SDKROOT = iphoneos;
				SWIFT_OPTIMIZATION_LEVEL = "-Owholemodule";
				SWIFT_VERSION = 4.2;
				TARGETED_DEVICE_FAMILY = "1,2";
				VALIDATE_PRODUCT = YES;
			};
			name = Release;
		};
		1A42C29C1C0E3883000F2137 /* Debug */ = {
			isa = XCBuildConfiguration;
			baseConfigurationReference = 5C8EADB52E1D834750CD7D23 /* Pods-Example.debug.xcconfig */;
			buildSettings = {
				ALWAYS_EMBED_SWIFT_STANDARD_LIBRARIES = "$(inherited)";
				ASSETCATALOG_COMPILER_APPICON_NAME = AppIcon;
				"CODE_SIGN_IDENTITY[sdk=iphoneos*]" = "iPhone Developer";
				DEBUG_INFORMATION_FORMAT = "dwarf-with-dsym";
				DEVELOPMENT_TEAM = 32F2T8EJ6G;
				INFOPLIST_FILE = Example/Info.plist;
				LD_RUNPATH_SEARCH_PATHS = "$(inherited) @executable_path/Frameworks";
				PRODUCT_BUNDLE_IDENTIFIER = com.folioreader.Example;
				PRODUCT_NAME = "$(TARGET_NAME)";
				PROVISIONING_PROFILE = "";
				PROVISIONING_PROFILE_SPECIFIER = "";
				SWIFT_VERSION = 4.2;
			};
			name = Debug;
		};
		1A42C29D1C0E3883000F2137 /* Release */ = {
			isa = XCBuildConfiguration;
			baseConfigurationReference = F4CBB0C2C0FDFA3E1648DB43 /* Pods-Example.release.xcconfig */;
			buildSettings = {
				ALWAYS_EMBED_SWIFT_STANDARD_LIBRARIES = "$(inherited)";
				ASSETCATALOG_COMPILER_APPICON_NAME = AppIcon;
				"CODE_SIGN_IDENTITY[sdk=iphoneos*]" = "iPhone Developer";
				DEVELOPMENT_TEAM = 32F2T8EJ6G;
				INFOPLIST_FILE = Example/Info.plist;
				LD_RUNPATH_SEARCH_PATHS = "$(inherited) @executable_path/Frameworks";
				PRODUCT_BUNDLE_IDENTIFIER = com.folioreader.Example;
				PRODUCT_NAME = "$(TARGET_NAME)";
				PROVISIONING_PROFILE = "";
				PROVISIONING_PROFILE_SPECIFIER = "";
				SWIFT_VERSION = 4.2;
			};
			name = Release;
		};
		3AAA8B781E9BB78B00A47E5A /* Debug */ = {
			isa = XCBuildConfiguration;
			baseConfigurationReference = 054F92EA4A92E2C8F69C82E1 /* Pods-MultipleInstance-Example.debug.xcconfig */;
			buildSettings = {
				ALWAYS_EMBED_SWIFT_STANDARD_LIBRARIES = "$(inherited)";
				ASSETCATALOG_COMPILER_APPICON_NAME = AppIcon;
				CLANG_ANALYZER_NONNULL = YES;
				"CODE_SIGN_IDENTITY[sdk=iphoneos*]" = "iPhone Developer";
				DEVELOPMENT_TEAM = 99AHAA343Q;
				INFOPLIST_FILE = "MultipleInstances-Example/Info.plist";
				LD_RUNPATH_SEARCH_PATHS = "$(inherited) @executable_path/Frameworks";
				PRODUCT_BUNDLE_IDENTIFIER = com.folioreader.example.multipleinstances;
				PRODUCT_NAME = "$(TARGET_NAME)";
				PROVISIONING_PROFILE = "";
				PROVISIONING_PROFILE_SPECIFIER = "";
				TARGETED_DEVICE_FAMILY = 2;
			};
			name = Debug;
		};
		3AAA8B791E9BB78B00A47E5A /* Release */ = {
			isa = XCBuildConfiguration;
			baseConfigurationReference = C4F8C36D75B15390CDB07BF1 /* Pods-MultipleInstance-Example.release.xcconfig */;
			buildSettings = {
				ALWAYS_EMBED_SWIFT_STANDARD_LIBRARIES = "$(inherited)";
				ASSETCATALOG_COMPILER_APPICON_NAME = AppIcon;
				CLANG_ANALYZER_NONNULL = YES;
				"CODE_SIGN_IDENTITY[sdk=iphoneos*]" = "iPhone Developer";
				DEVELOPMENT_TEAM = 99AHAA343Q;
				INFOPLIST_FILE = "MultipleInstances-Example/Info.plist";
				LD_RUNPATH_SEARCH_PATHS = "$(inherited) @executable_path/Frameworks";
				PRODUCT_BUNDLE_IDENTIFIER = com.folioreader.example.multipleinstances;
				PRODUCT_NAME = "$(TARGET_NAME)";
				TARGETED_DEVICE_FAMILY = 2;
			};
			name = Release;
		};
		CA10C1391C572A4B0049165D /* Debug */ = {
			isa = XCBuildConfiguration;
			baseConfigurationReference = 3CE90B4095B5C7E6237EEBDD /* Pods-FolioReaderTests.debug.xcconfig */;
			buildSettings = {
				ALWAYS_EMBED_SWIFT_STANDARD_LIBRARIES = "$(inherited)";
				BUNDLE_LOADER = "$(TEST_HOST)";
				"CODE_SIGN_IDENTITY[sdk=iphoneos*]" = "iPhone Developer";
				DEVELOPMENT_TEAM = 99AHAA343Q;
				INFOPLIST_FILE = FolioReaderTests/Info.plist;
				IPHONEOS_DEPLOYMENT_TARGET = 9.2;
				LD_RUNPATH_SEARCH_PATHS = "$(inherited) @executable_path/Frameworks @loader_path/Frameworks";
				PRODUCT_BUNDLE_IDENTIFIER = com.folioreader.FolioReaderTests;
				PRODUCT_NAME = "$(TARGET_NAME)";
				SWIFT_VERSION = 4.2;
				TEST_HOST = "$(BUILT_PRODUCTS_DIR)/Example.app/Example";
			};
			name = Debug;
		};
		CA10C13A1C572A4B0049165D /* Release */ = {
			isa = XCBuildConfiguration;
			baseConfigurationReference = 8E1BE6465444C567F5D1B8E6 /* Pods-FolioReaderTests.release.xcconfig */;
			buildSettings = {
				ALWAYS_EMBED_SWIFT_STANDARD_LIBRARIES = "$(inherited)";
				BUNDLE_LOADER = "$(TEST_HOST)";
				"CODE_SIGN_IDENTITY[sdk=iphoneos*]" = "iPhone Developer";
				DEVELOPMENT_TEAM = 99AHAA343Q;
				INFOPLIST_FILE = FolioReaderTests/Info.plist;
				IPHONEOS_DEPLOYMENT_TARGET = 9.2;
				LD_RUNPATH_SEARCH_PATHS = "$(inherited) @executable_path/Frameworks @loader_path/Frameworks";
				PRODUCT_BUNDLE_IDENTIFIER = com.folioreader.FolioReaderTests;
				PRODUCT_NAME = "$(TARGET_NAME)";
				SWIFT_VERSION = 4.2;
				TEST_HOST = "$(BUILT_PRODUCTS_DIR)/Example.app/Example";
			};
			name = Release;
		};
		D12066721D65FABE006E1D18 /* Debug */ = {
			isa = XCBuildConfiguration;
			baseConfigurationReference = 751CA93A8AFDADE43FB75F6B /* Pods-Storyboard-Example.debug.xcconfig */;
			buildSettings = {
				ALWAYS_EMBED_SWIFT_STANDARD_LIBRARIES = "$(inherited)";
				ASSETCATALOG_COMPILER_APPICON_NAME = AppIcon;
				CLANG_ANALYZER_NONNULL = YES;
				"CODE_SIGN_IDENTITY[sdk=iphoneos*]" = "iPhone Developer";
				DEVELOPMENT_TEAM = 99AHAA343Q;
				INFOPLIST_FILE = "Storyboard-Example/Info.plist";
				LD_RUNPATH_SEARCH_PATHS = "$(inherited) @executable_path/Frameworks";
				PRODUCT_BUNDLE_IDENTIFIER = com.folioreader.example.storyboard;
				PRODUCT_NAME = "$(TARGET_NAME)";
			};
			name = Debug;
		};
		D12066731D65FABE006E1D18 /* Release */ = {
			isa = XCBuildConfiguration;
			baseConfigurationReference = C860A0C690322C01443DBA0C /* Pods-Storyboard-Example.release.xcconfig */;
			buildSettings = {
				ALWAYS_EMBED_SWIFT_STANDARD_LIBRARIES = "$(inherited)";
				ASSETCATALOG_COMPILER_APPICON_NAME = AppIcon;
				CLANG_ANALYZER_NONNULL = YES;
				"CODE_SIGN_IDENTITY[sdk=iphoneos*]" = "iPhone Developer";
				DEVELOPMENT_TEAM = 99AHAA343Q;
				INFOPLIST_FILE = "Storyboard-Example/Info.plist";
				LD_RUNPATH_SEARCH_PATHS = "$(inherited) @executable_path/Frameworks";
				PRODUCT_BUNDLE_IDENTIFIER = com.folioreader.example.storyboard;
				PRODUCT_NAME = "$(TARGET_NAME)";
			};
			name = Release;
		};
/* End XCBuildConfiguration section */

/* Begin XCConfigurationList section */
		1A42C2841C0E3882000F2137 /* Build configuration list for PBXProject "Example" */ = {
			isa = XCConfigurationList;
			buildConfigurations = (
				1A42C2991C0E3883000F2137 /* Debug */,
				1A42C29A1C0E3883000F2137 /* Release */,
			);
			defaultConfigurationIsVisible = 0;
			defaultConfigurationName = Release;
		};
		1A42C29B1C0E3883000F2137 /* Build configuration list for PBXNativeTarget "Example" */ = {
			isa = XCConfigurationList;
			buildConfigurations = (
				1A42C29C1C0E3883000F2137 /* Debug */,
				1A42C29D1C0E3883000F2137 /* Release */,
			);
			defaultConfigurationIsVisible = 0;
			defaultConfigurationName = Release;
		};
		3AAA8B771E9BB78B00A47E5A /* Build configuration list for PBXNativeTarget "MultipleInstance-Example" */ = {
			isa = XCConfigurationList;
			buildConfigurations = (
				3AAA8B781E9BB78B00A47E5A /* Debug */,
				3AAA8B791E9BB78B00A47E5A /* Release */,
			);
			defaultConfigurationIsVisible = 0;
			defaultConfigurationName = Release;
		};
		CA10C1381C572A4B0049165D /* Build configuration list for PBXNativeTarget "FolioReaderTests" */ = {
			isa = XCConfigurationList;
			buildConfigurations = (
				CA10C1391C572A4B0049165D /* Debug */,
				CA10C13A1C572A4B0049165D /* Release */,
			);
			defaultConfigurationIsVisible = 0;
			defaultConfigurationName = Release;
		};
		D12066741D65FABE006E1D18 /* Build configuration list for PBXNativeTarget "Storyboard-Example" */ = {
			isa = XCConfigurationList;
			buildConfigurations = (
				D12066721D65FABE006E1D18 /* Debug */,
				D12066731D65FABE006E1D18 /* Release */,
			);
			defaultConfigurationIsVisible = 0;
			defaultConfigurationName = Release;
		};
/* End XCConfigurationList section */
	};
	rootObject = 1A42C2811C0E3882000F2137 /* Project object */;
}
