// !$*UTF8*$!
{
	archiveVersion = 1;
	classes = {
	};
	objectVersion = 46;
	objects = {

/* Begin PBXBuildFile section */
		1A42C28D1C0E3882000F2137 /* AppDelegate.swift in Sources */ = {isa = PBXBuildFile; fileRef = 1A42C28C1C0E3882000F2137 /* AppDelegate.swift */; };
		1A42C28F1C0E3882000F2137 /* ViewController.swift in Sources */ = {isa = PBXBuildFile; fileRef = 1A42C28E1C0E3882000F2137 /* ViewController.swift */; };
		1A42C2921C0E3883000F2137 /* Main.storyboard in Resources */ = {isa = PBXBuildFile; fileRef = 1A42C2901C0E3883000F2137 /* Main.storyboard */; };
		1A42C2941C0E3883000F2137 /* Assets.xcassets in Resources */ = {isa = PBXBuildFile; fileRef = 1A42C2931C0E3883000F2137 /* Assets.xcassets */; };
		1A42C29F1C0E39B3000F2137 /* book.epub in Resources */ = {isa = PBXBuildFile; fileRef = 1A42C29E1C0E39B3000F2137 /* book.epub */; };
		1A42C2A21C0E3A8D000F2137 /* LaunchScreen.storyboard in Resources */ = {isa = PBXBuildFile; fileRef = 1A42C2A01C0E3A8D000F2137 /* LaunchScreen.storyboard */; };
		F2DF7E310FE62B1F477F22A1 /* Pods.framework in Frameworks */ = {isa = PBXBuildFile; fileRef = 37A980705BFFE71CCA6F9C31 /* Pods.framework */; };
/* End PBXBuildFile section */

/* Begin PBXFileReference section */
		03D9210FDD7C97E6298F7245 /* Pods.debug.xcconfig */ = {isa = PBXFileReference; includeInIndex = 1; lastKnownFileType = text.xcconfig; name = Pods.debug.xcconfig; path = "Pods/Target Support Files/Pods/Pods.debug.xcconfig"; sourceTree = "<group>"; };
		1A42C2891C0E3882000F2137 /* Example.app */ = {isa = PBXFileReference; explicitFileType = wrapper.application; includeInIndex = 0; path = Example.app; sourceTree = BUILT_PRODUCTS_DIR; };
		1A42C28C1C0E3882000F2137 /* AppDelegate.swift */ = {isa = PBXFileReference; lastKnownFileType = sourcecode.swift; path = AppDelegate.swift; sourceTree = "<group>"; };
		1A42C28E1C0E3882000F2137 /* ViewController.swift */ = {isa = PBXFileReference; lastKnownFileType = sourcecode.swift; path = ViewController.swift; sourceTree = "<group>"; };
		1A42C2911C0E3883000F2137 /* Base */ = {isa = PBXFileReference; lastKnownFileType = file.storyboard; name = Base; path = Base.lproj/Main.storyboard; sourceTree = "<group>"; };
		1A42C2931C0E3883000F2137 /* Assets.xcassets */ = {isa = PBXFileReference; lastKnownFileType = folder.assetcatalog; path = Assets.xcassets; sourceTree = "<group>"; };
		1A42C2981C0E3883000F2137 /* Info.plist */ = {isa = PBXFileReference; lastKnownFileType = text.plist.xml; path = Info.plist; sourceTree = "<group>"; };
		1A42C29E1C0E39B3000F2137 /* book.epub */ = {isa = PBXFileReference; lastKnownFileType = file; path = book.epub; sourceTree = "<group>"; };
		1A42C2A11C0E3A8D000F2137 /* Base */ = {isa = PBXFileReference; lastKnownFileType = file.storyboard; name = Base; path = Base.lproj/LaunchScreen.storyboard; sourceTree = "<group>"; };
		37A980705BFFE71CCA6F9C31 /* Pods.framework */ = {isa = PBXFileReference; explicitFileType = wrapper.framework; includeInIndex = 0; path = Pods.framework; sourceTree = BUILT_PRODUCTS_DIR; };
		8BCB174DF233A59B81E828D3 /* Pods.release.xcconfig */ = {isa = PBXFileReference; includeInIndex = 1; lastKnownFileType = text.xcconfig; name = Pods.release.xcconfig; path = "Pods/Target Support Files/Pods/Pods.release.xcconfig"; sourceTree = "<group>"; };
/* End PBXFileReference section */

/* Begin PBXFrameworksBuildPhase section */
		1A42C2861C0E3882000F2137 /* Frameworks */ = {
			isa = PBXFrameworksBuildPhase;
			buildActionMask = 2147483647;
			files = (
				F2DF7E310FE62B1F477F22A1 /* Pods.framework in Frameworks */,
			);
			runOnlyForDeploymentPostprocessing = 0;
		};
/* End PBXFrameworksBuildPhase section */

/* Begin PBXGroup section */
		1A42C2801C0E3882000F2137 = {
			isa = PBXGroup;
			children = (
				1A42C28B1C0E3882000F2137 /* Example */,
				1A42C28A1C0E3882000F2137 /* Products */,
				FD06DBD55314F5656C9B1B47 /* Pods */,
				D394FAB8B11D7C692E7BE00D /* Frameworks */,
			);
			sourceTree = "<group>";
		};
		1A42C28A1C0E3882000F2137 /* Products */ = {
			isa = PBXGroup;
			children = (
				1A42C2891C0E3882000F2137 /* Example.app */,
			);
			name = Products;
			sourceTree = "<group>";
		};
		1A42C28B1C0E3882000F2137 /* Example */ = {
			isa = PBXGroup;
			children = (
				1A42C28C1C0E3882000F2137 /* AppDelegate.swift */,
				1A42C28E1C0E3882000F2137 /* ViewController.swift */,
				1A42C2901C0E3883000F2137 /* Main.storyboard */,
				1A42C2931C0E3883000F2137 /* Assets.xcassets */,
				1A42C2981C0E3883000F2137 /* Info.plist */,
				1A42C2A01C0E3A8D000F2137 /* LaunchScreen.storyboard */,
				1A42C29E1C0E39B3000F2137 /* book.epub */,
			);
			path = Example;
			sourceTree = "<group>";
		};
		D394FAB8B11D7C692E7BE00D /* Frameworks */ = {
			isa = PBXGroup;
			children = (
				37A980705BFFE71CCA6F9C31 /* Pods.framework */,
			);
			name = Frameworks;
			sourceTree = "<group>";
		};
		FD06DBD55314F5656C9B1B47 /* Pods */ = {
			isa = PBXGroup;
			children = (
				03D9210FDD7C97E6298F7245 /* Pods.debug.xcconfig */,
				8BCB174DF233A59B81E828D3 /* Pods.release.xcconfig */,
			);
			name = Pods;
			sourceTree = "<group>";
		};
/* End PBXGroup section */

/* Begin PBXNativeTarget section */
		1A42C2881C0E3882000F2137 /* Example */ = {
			isa = PBXNativeTarget;
			buildConfigurationList = 1A42C29B1C0E3883000F2137 /* Build configuration list for PBXNativeTarget "Example" */;
			buildPhases = (
				D73CA4A39E92155A6948FFC6 /* Check Pods Manifest.lock */,
				1A42C2851C0E3882000F2137 /* Sources */,
				1A42C2861C0E3882000F2137 /* Frameworks */,
				1A42C2871C0E3882000F2137 /* Resources */,
				6E798FB93F65253E182BC2D3 /* Embed Pods Frameworks */,
				16DB054A115C30C430C4BD2D /* Copy Pods Resources */,
			);
			buildRules = (
			);
			dependencies = (
			);
			name = Example;
			productName = Example;
			productReference = 1A42C2891C0E3882000F2137 /* Example.app */;
			productType = "com.apple.product-type.application";
		};
/* End PBXNativeTarget section */

/* Begin PBXProject section */
		1A42C2811C0E3882000F2137 /* Project object */ = {
			isa = PBXProject;
			attributes = {
				LastSwiftUpdateCheck = 0710;
				LastUpgradeCheck = 0710;
				ORGANIZATIONNAME = FolioReader;
				TargetAttributes = {
					1A42C2881C0E3882000F2137 = {
						CreatedOnToolsVersion = 7.1.1;
					};
				};
			};
			buildConfigurationList = 1A42C2841C0E3882000F2137 /* Build configuration list for PBXProject "Example" */;
			compatibilityVersion = "Xcode 3.2";
			developmentRegion = English;
			hasScannedForEncodings = 0;
			knownRegions = (
				en,
				Base,
			);
			mainGroup = 1A42C2801C0E3882000F2137;
			productRefGroup = 1A42C28A1C0E3882000F2137 /* Products */;
			projectDirPath = "";
			projectRoot = "";
			targets = (
				1A42C2881C0E3882000F2137 /* Example */,
			);
		};
/* End PBXProject section */

/* Begin PBXResourcesBuildPhase section */
		1A42C2871C0E3882000F2137 /* Resources */ = {
			isa = PBXResourcesBuildPhase;
			buildActionMask = 2147483647;
			files = (
				1A42C2941C0E3883000F2137 /* Assets.xcassets in Resources */,
				1A42C2A21C0E3A8D000F2137 /* LaunchScreen.storyboard in Resources */,
				1A42C29F1C0E39B3000F2137 /* book.epub in Resources */,
				1A42C2921C0E3883000F2137 /* Main.storyboard in Resources */,
			);
			runOnlyForDeploymentPostprocessing = 0;
		};
/* End PBXResourcesBuildPhase section */

/* Begin PBXShellScriptBuildPhase section */
		16DB054A115C30C430C4BD2D /* Copy Pods Resources */ = {
			isa = PBXShellScriptBuildPhase;
			buildActionMask = 2147483647;
			files = (
			);
			inputPaths = (
			);
			name = "Copy Pods Resources";
			outputPaths = (
			);
			runOnlyForDeploymentPostprocessing = 0;
			shellPath = /bin/sh;
			shellScript = "\"${SRCROOT}/Pods/Target Support Files/Pods/Pods-resources.sh\"\n";
			showEnvVarsInLog = 0;
		};
		6E798FB93F65253E182BC2D3 /* Embed Pods Frameworks */ = {
			isa = PBXShellScriptBuildPhase;
			buildActionMask = 2147483647;
			files = (
			);
			inputPaths = (
			);
			name = "Embed Pods Frameworks";
			outputPaths = (
			);
			runOnlyForDeploymentPostprocessing = 0;
			shellPath = /bin/sh;
			shellScript = "\"${SRCROOT}/Pods/Target Support Files/Pods/Pods-frameworks.sh\"\n";
			showEnvVarsInLog = 0;
		};
		D73CA4A39E92155A6948FFC6 /* Check Pods Manifest.lock */ = {
			isa = PBXShellScriptBuildPhase;
			buildActionMask = 2147483647;
			files = (
			);
			inputPaths = (
			);
			name = "Check Pods Manifest.lock";
			outputPaths = (
			);
			runOnlyForDeploymentPostprocessing = 0;
			shellPath = /bin/sh;
			shellScript = "diff \"${PODS_ROOT}/../Podfile.lock\" \"${PODS_ROOT}/Manifest.lock\" > /dev/null\nif [[ $? != 0 ]] ; then\n    cat << EOM\nerror: The sandbox is not in sync with the Podfile.lock. Run 'pod install' or update your CocoaPods installation.\nEOM\n    exit 1\nfi\n";
			showEnvVarsInLog = 0;
		};
/* End PBXShellScriptBuildPhase section */

/* Begin PBXSourcesBuildPhase section */
		1A42C2851C0E3882000F2137 /* Sources */ = {
			isa = PBXSourcesBuildPhase;
			buildActionMask = 2147483647;
			files = (
				1A42C28F1C0E3882000F2137 /* ViewController.swift in Sources */,
				1A42C28D1C0E3882000F2137 /* AppDelegate.swift in Sources */,
			);
			runOnlyForDeploymentPostprocessing = 0;
		};
/* End PBXSourcesBuildPhase section */

/* Begin PBXVariantGroup section */
		1A42C2901C0E3883000F2137 /* Main.storyboard */ = {
			isa = PBXVariantGroup;
			children = (
				1A42C2911C0E3883000F2137 /* Base */,
			);
			name = Main.storyboard;
			sourceTree = "<group>";
		};
		1A42C2A01C0E3A8D000F2137 /* LaunchScreen.storyboard */ = {
			isa = PBXVariantGroup;
			children = (
				1A42C2A11C0E3A8D000F2137 /* Base */,
			);
			name = LaunchScreen.storyboard;
			sourceTree = "<group>";
		};
/* End PBXVariantGroup section */

/* Begin XCBuildConfiguration section */
		1A42C2991C0E3883000F2137 /* Debug */ = {
			isa = XCBuildConfiguration;
			buildSettings = {
				ALWAYS_SEARCH_USER_PATHS = NO;
				CLANG_CXX_LANGUAGE_STANDARD = "gnu++0x";
				CLANG_CXX_LIBRARY = "libc++";
				CLANG_ENABLE_MODULES = YES;
				CLANG_ENABLE_OBJC_ARC = YES;
				CLANG_WARN_BOOL_CONVERSION = YES;
				CLANG_WARN_CONSTANT_CONVERSION = YES;
				CLANG_WARN_DIRECT_OBJC_ISA_USAGE = YES_ERROR;
				CLANG_WARN_EMPTY_BODY = YES;
				CLANG_WARN_ENUM_CONVERSION = YES;
				CLANG_WARN_INT_CONVERSION = YES;
				CLANG_WARN_OBJC_ROOT_CLASS = YES_ERROR;
				CLANG_WARN_UNREACHABLE_CODE = YES;
				CLANG_WARN__DUPLICATE_METHOD_MATCH = YES;
				"CODE_SIGN_IDENTITY[sdk=iphoneos*]" = "iPhone Developer";
				COPY_PHASE_STRIP = NO;
				DEBUG_INFORMATION_FORMAT = dwarf;
				ENABLE_STRICT_OBJC_MSGSEND = YES;
				ENABLE_TESTABILITY = YES;
				GCC_C_LANGUAGE_STANDARD = gnu99;
				GCC_DYNAMIC_NO_PIC = NO;
				GCC_NO_COMMON_BLOCKS = YES;
				GCC_OPTIMIZATION_LEVEL = 0;
				GCC_PREPROCESSOR_DEFINITIONS = (
					"DEBUG=1",
					"$(inherited)",
				);
				GCC_WARN_64_TO_32_BIT_CONVERSION = YES;
				GCC_WARN_ABOUT_RETURN_TYPE = YES_ERROR;
				GCC_WARN_UNDECLARED_SELECTOR = YES;
				GCC_WARN_UNINITIALIZED_AUTOS = YES_AGGRESSIVE;
				GCC_WARN_UNUSED_FUNCTION = YES;
				GCC_WARN_UNUSED_VARIABLE = YES;
				IPHONEOS_DEPLOYMENT_TARGET = 9.1;
				MTL_ENABLE_DEBUG_INFO = YES;
				ONLY_ACTIVE_ARCH = YES;
				SDKROOT = iphoneos;
				SWIFT_OPTIMIZATION_LEVEL = "-Onone";
				TARGETED_DEVICE_FAMILY = "1,2";
			};
			name = Debug;
		};
		1A42C29A1C0E3883000F2137 /* Release */ = {
			isa = XCBuildConfiguration;
			buildSettings = {
				ALWAYS_SEARCH_USER_PATHS = NO;
				CLANG_CXX_LANGUAGE_STANDARD = "gnu++0x";
				CLANG_CXX_LIBRARY = "libc++";
				CLANG_ENABLE_MODULES = YES;
				CLANG_ENABLE_OBJC_ARC = YES;
				CLANG_WARN_BOOL_CONVERSION = YES;
				CLANG_WARN_CONSTANT_CONVERSION = YES;
				CLANG_WARN_DIRECT_OBJC_ISA_USAGE = YES_ERROR;
				CLANG_WARN_EMPTY_BODY = YES;
				CLANG_WARN_ENUM_CONVERSION = YES;
				CLANG_WARN_INT_CONVERSION = YES;
				CLANG_WARN_OBJC_ROOT_CLASS = YES_ERROR;
				CLANG_WARN_UNREACHABLE_CODE = YES;
				CLANG_WARN__DUPLICATE_METHOD_MATCH = YES;
				"CODE_SIGN_IDENTITY[sdk=iphoneos*]" = "iPhone Developer";
				COPY_PHASE_STRIP = NO;
				DEBUG_INFORMATION_FORMAT = "dwarf-with-dsym";
				ENABLE_NS_ASSERTIONS = NO;
				ENABLE_STRICT_OBJC_MSGSEND = YES;
				GCC_C_LANGUAGE_STANDARD = gnu99;
				GCC_NO_COMMON_BLOCKS = YES;
				GCC_WARN_64_TO_32_BIT_CONVERSION = YES;
				GCC_WARN_ABOUT_RETURN_TYPE = YES_ERROR;
				GCC_WARN_UNDECLARED_SELECTOR = YES;
				GCC_WARN_UNINITIALIZED_AUTOS = YES_AGGRESSIVE;
				GCC_WARN_UNUSED_FUNCTION = YES;
				GCC_WARN_UNUSED_VARIABLE = YES;
				IPHONEOS_DEPLOYMENT_TARGET = 9.1;
				MTL_ENABLE_DEBUG_INFO = NO;
				SDKROOT = iphoneos;
				TARGETED_DEVICE_FAMILY = "1,2";
				VALIDATE_PRODUCT = YES;
			};
			name = Release;
		};
		1A42C29C1C0E3883000F2137 /* Debug */ = {
			isa = XCBuildConfiguration;
			baseConfigurationReference = 03D9210FDD7C97E6298F7245 /* Pods.debug.xcconfig */;
			buildSettings = {
				ASSETCATALOG_COMPILER_APPICON_NAME = AppIcon;
				INFOPLIST_FILE = Example/Info.plist;
				LD_RUNPATH_SEARCH_PATHS = "$(inherited) @executable_path/Frameworks";
				PRODUCT_BUNDLE_IDENTIFIER = com.folioreader.Example;
				PRODUCT_NAME = "$(TARGET_NAME)";
			};
			name = Debug;
		};
		1A42C29D1C0E3883000F2137 /* Release */ = {
			isa = XCBuildConfiguration;
			baseConfigurationReference = 8BCB174DF233A59B81E828D3 /* Pods.release.xcconfig */;
			buildSettings = {
				ASSETCATALOG_COMPILER_APPICON_NAME = AppIcon;
				INFOPLIST_FILE = Example/Info.plist;
				LD_RUNPATH_SEARCH_PATHS = "$(inherited) @executable_path/Frameworks";
				PRODUCT_BUNDLE_IDENTIFIER = com.folioreader.Example;
				PRODUCT_NAME = "$(TARGET_NAME)";
			};
			name = Release;
		};
/* End XCBuildConfiguration section */

/* Begin XCConfigurationList section */
		1A42C2841C0E3882000F2137 /* Build configuration list for PBXProject "Example" */ = {
			isa = XCConfigurationList;
			buildConfigurations = (
				1A42C2991C0E3883000F2137 /* Debug */,
				1A42C29A1C0E3883000F2137 /* Release */,
			);
			defaultConfigurationIsVisible = 0;
			defaultConfigurationName = Release;
		};
		1A42C29B1C0E3883000F2137 /* Build configuration list for PBXNativeTarget "Example" */ = {
			isa = XCConfigurationList;
			buildConfigurations = (
				1A42C29C1C0E3883000F2137 /* Debug */,
				1A42C29D1C0E3883000F2137 /* Release */,
			);
			defaultConfigurationIsVisible = 0;
			defaultConfigurationName = Release;
		};
/* End XCConfigurationList section */
	};
	rootObject = 1A42C2811C0E3882000F2137 /* Project object */;
}
